// !$*UTF8*$!
{
	archiveVersion = 1;
	classes = {
	};
	objectVersion = 56;
	objects = {

/* Begin PBXBuildFile section */
		D800291129A5FC5200F75378 /* NicknameViewModel.swift in Sources */ = {isa = PBXBuildFile; fileRef = D800291029A5FC5200F75378 /* NicknameViewModel.swift */; };
		D800291429A5FF1C00F75378 /* ViewModel.swift in Sources */ = {isa = PBXBuildFile; fileRef = D800291329A5FF1C00F75378 /* ViewModel.swift */; };
		D800291629A600A300F75378 /* NicknameUseCase.swift in Sources */ = {isa = PBXBuildFile; fileRef = D800291529A600A300F75378 /* NicknameUseCase.swift */; };
		D805FDD629A5B2980007E63D /* Sport.swift in Sources */ = {isa = PBXBuildFile; fileRef = D805FDD529A5B2980007E63D /* Sport.swift */; };
		D805FDDC29A5B4AD0007E63D /* SportsCollectionView.swift in Sources */ = {isa = PBXBuildFile; fileRef = D805FDDB29A5B4AD0007E63D /* SportsCollectionView.swift */; };
		D805FDDE29A5B4B60007E63D /* SportsCell.swift in Sources */ = {isa = PBXBuildFile; fileRef = D805FDDD29A5B4B60007E63D /* SportsCell.swift */; };
		D820258829A21E2C00892CE8 /* DefaultToolbar.swift in Sources */ = {isa = PBXBuildFile; fileRef = D820258729A21E2B00892CE8 /* DefaultToolbar.swift */; };
		D820258A29A2208300892CE8 /* ProfileViewController.swift in Sources */ = {isa = PBXBuildFile; fileRef = D820258929A2208300892CE8 /* ProfileViewController.swift */; };
		D820258C29A220CC00892CE8 /* DefaultProfileImageView.swift in Sources */ = {isa = PBXBuildFile; fileRef = D820258B29A220CC00892CE8 /* DefaultProfileImageView.swift */; };
		D820259929A22EC800892CE8 /* ProfileTextCollectionView.swift in Sources */ = {isa = PBXBuildFile; fileRef = D820259829A22EC800892CE8 /* ProfileTextCollectionView.swift */; };
		D820259B29A2309000892CE8 /* ProfileTextCell.swift in Sources */ = {isa = PBXBuildFile; fileRef = D820259A29A2309000892CE8 /* ProfileTextCell.swift */; };
		D820259E29A236AB00892CE8 /* CollectionViewLayout.swift in Sources */ = {isa = PBXBuildFile; fileRef = D820259D29A236AB00892CE8 /* CollectionViewLayout.swift */; };
		D82025A029A24A7C00892CE8 /* LocationViewController.swift in Sources */ = {isa = PBXBuildFile; fileRef = D820259F29A24A7C00892CE8 /* LocationViewController.swift */; };
		D82025A229A24AC300892CE8 /* InterestedInSportsViewController.swift in Sources */ = {isa = PBXBuildFile; fileRef = D82025A129A24AC300892CE8 /* InterestedInSportsViewController.swift */; };
		D82025A429A24AE900892CE8 /* CompleteSignupViewController.swift in Sources */ = {isa = PBXBuildFile; fileRef = D82025A329A24AE900892CE8 /* CompleteSignupViewController.swift */; };
		D8576131299BCFF800F1AFEB /* AppDelegate.swift in Sources */ = {isa = PBXBuildFile; fileRef = D8576130299BCFF800F1AFEB /* AppDelegate.swift */; };
		D8576133299BCFF800F1AFEB /* SceneDelegate.swift in Sources */ = {isa = PBXBuildFile; fileRef = D8576132299BCFF800F1AFEB /* SceneDelegate.swift */; };
		D857613A299BCFFA00F1AFEB /* Colors.xcassets in Resources */ = {isa = PBXBuildFile; fileRef = D8576139299BCFFA00F1AFEB /* Colors.xcassets */; };
		D857613D299BCFFA00F1AFEB /* LaunchScreen.storyboard in Resources */ = {isa = PBXBuildFile; fileRef = D857613B299BCFFA00F1AFEB /* LaunchScreen.storyboard */; };
		D8599A99299E012300633192 /* Images.xcassets in Resources */ = {isa = PBXBuildFile; fileRef = D8599A98299E012300633192 /* Images.xcassets */; };
		D8599AA4299E25AE00633192 /* swiftgen.yml in Resources */ = {isa = PBXBuildFile; fileRef = D8599AA3299E25AE00633192 /* swiftgen.yml */; };
		D8599AA7299E2B9D00633192 /* Assets+Generated.swift in Sources */ = {isa = PBXBuildFile; fileRef = D8599AA6299E2B9D00633192 /* Assets+Generated.swift */; };
		D8599AAC299E2D8300633192 /* Pretendard-Bold.otf in Resources */ = {isa = PBXBuildFile; fileRef = D8599AA9299E2D7400633192 /* Pretendard-Bold.otf */; };
		D8599AAD299E2D8500633192 /* Pretendard-Regular.otf in Resources */ = {isa = PBXBuildFile; fileRef = D8599AAB299E2D7400633192 /* Pretendard-Regular.otf */; };
		D8599AAE299E2D8700633192 /* Pretendard-SemiBold.otf in Resources */ = {isa = PBXBuildFile; fileRef = D8599AAA299E2D7400633192 /* Pretendard-SemiBold.otf */; };
		D8599AB0299E2EE100633192 /* UIFont+.swift in Sources */ = {isa = PBXBuildFile; fileRef = D8599AAF299E2EE100633192 /* UIFont+.swift */; };
		D8599AB6299E349000633192 /* AppDIContainer.swift in Sources */ = {isa = PBXBuildFile; fileRef = D8599AB5299E349000633192 /* AppDIContainer.swift */; };
		D8599AB8299E349C00633192 /* AuthDIContainer.swift in Sources */ = {isa = PBXBuildFile; fileRef = D8599AB7299E349C00633192 /* AuthDIContainer.swift */; };
		D8599ABE299E365700633192 /* UIImage+.swift in Sources */ = {isa = PBXBuildFile; fileRef = D8599ABD299E365700633192 /* UIImage+.swift */; };
		D8599AC0299E425600633192 /* NicknameViewController.swift in Sources */ = {isa = PBXBuildFile; fileRef = D8599ABF299E425600633192 /* NicknameViewController.swift */; };
		D8599AC5299E44DC00633192 /* DefaultTitleLabel.swift in Sources */ = {isa = PBXBuildFile; fileRef = D8599AC4299E44DC00633192 /* DefaultTitleLabel.swift */; };
		D85AA32D29B33B04004B0A8B /* UserDefaultsService.swift in Sources */ = {isa = PBXBuildFile; fileRef = D85AA32C29B33B04004B0A8B /* UserDefaultsService.swift */; };
		D85AA33629B46543004B0A8B /* IconButton.swift in Sources */ = {isa = PBXBuildFile; fileRef = D85AA33529B46543004B0A8B /* IconButton.swift */; };
		D85AA33929B478BA004B0A8B /* Lottie in Frameworks */ = {isa = PBXBuildFile; productRef = D85AA33829B478BA004B0A8B /* Lottie */; };
		D860B5D1299BD8A100966683 /* Localizable.strings in Resources */ = {isa = PBXBuildFile; fileRef = D860B5D3299BD8A100966683 /* Localizable.strings */; };
		D860B5D8299BD9D400966683 /* String+Localized.swift in Sources */ = {isa = PBXBuildFile; fileRef = D860B5D7299BD9D400966683 /* String+Localized.swift */; };
		D860B5DB299BDB4000966683 /* SnapKit in Frameworks */ = {isa = PBXBuildFile; productRef = D860B5DA299BDB4000966683 /* SnapKit */; };
		D860B5DE299BDB7000966683 /* Then in Frameworks */ = {isa = PBXBuildFile; productRef = D860B5DD299BDB7000966683 /* Then */; };
		D860B5E9299C860C00966683 /* Coordinator.swift in Sources */ = {isa = PBXBuildFile; fileRef = D860B5E8299C860C00966683 /* Coordinator.swift */; };
		D860B5EB299C88B900966683 /* AppCoordinator.swift in Sources */ = {isa = PBXBuildFile; fileRef = D860B5EA299C88B900966683 /* AppCoordinator.swift */; };
		D860B5ED299C894600966683 /* CoordinatorType.swift in Sources */ = {isa = PBXBuildFile; fileRef = D860B5EC299C894600966683 /* CoordinatorType.swift */; };
		D860B5F0299C8D5900966683 /* LoginViewController.swift in Sources */ = {isa = PBXBuildFile; fileRef = D860B5EF299C8D5900966683 /* LoginViewController.swift */; };
		D860B5F3299C8DB000966683 /* BaseViewController.swift in Sources */ = {isa = PBXBuildFile; fileRef = D860B5F2299C8DB000966683 /* BaseViewController.swift */; };
		D860B5F9299C903700966683 /* CoordinatorEvent.swift in Sources */ = {isa = PBXBuildFile; fileRef = D860B5F8299C903700966683 /* CoordinatorEvent.swift */; };
		D860B5FC299C912B00966683 /* AuthCoordinator.swift in Sources */ = {isa = PBXBuildFile; fileRef = D860B5FB299C912B00966683 /* AuthCoordinator.swift */; };
		D860B5FE299C948400966683 /* TabBarPage.swift in Sources */ = {isa = PBXBuildFile; fileRef = D860B5FD299C948400966683 /* TabBarPage.swift */; };
		D860B601299C956200966683 /* TabBarCoordinator.swift in Sources */ = {isa = PBXBuildFile; fileRef = D860B600299C956200966683 /* TabBarCoordinator.swift */; };
		D860B604299CE45600966683 /* EndPoint.swift in Sources */ = {isa = PBXBuildFile; fileRef = D860B603299CE45600966683 /* EndPoint.swift */; };
		D860B606299CE58400966683 /* NetworkConfig.swift in Sources */ = {isa = PBXBuildFile; fileRef = D860B605299CE58400966683 /* NetworkConfig.swift */; };
		D860B609299CE71800966683 /* NetworkError.swift in Sources */ = {isa = PBXBuildFile; fileRef = D860B608299CE71800966683 /* NetworkError.swift */; };
		D860B60B299CE76800966683 /* Encodable+toDictionary.swift in Sources */ = {isa = PBXBuildFile; fileRef = D860B60A299CE76800966683 /* Encodable+toDictionary.swift */; };
		D860B60D299CE7AC00966683 /* Dictionary+queryString.swift in Sources */ = {isa = PBXBuildFile; fileRef = D860B60C299CE7AC00966683 /* Dictionary+queryString.swift */; };
		D860B60F299CE9F300966683 /* NetworkService.swift in Sources */ = {isa = PBXBuildFile; fileRef = D860B60E299CE9F300966683 /* NetworkService.swift */; };
		D860B617299CF1B000966683 /* LoginViewModel.swift in Sources */ = {isa = PBXBuildFile; fileRef = D860B616299CF1AF00966683 /* LoginViewModel.swift */; };
		D860B61B299CF3F100966683 /* SignupUseCase.swift in Sources */ = {isa = PBXBuildFile; fileRef = D860B61A299CF3F100966683 /* SignupUseCase.swift */; };
		D860B61F299D199A00966683 /* SignupRepository.swift in Sources */ = {isa = PBXBuildFile; fileRef = D860B61E299D199A00966683 /* SignupRepository.swift */; };
		D860B622299D19DA00966683 /* DefaultSignupRepository.swift in Sources */ = {isa = PBXBuildFile; fileRef = D860B621299D19DA00966683 /* DefaultSignupRepository.swift */; };
		D860B633299DF5A200966683 /* RxCocoa in Frameworks */ = {isa = PBXBuildFile; productRef = D860B632299DF5A200966683 /* RxCocoa */; };
		D860B635299DF5A200966683 /* RxRelay in Frameworks */ = {isa = PBXBuildFile; productRef = D860B634299DF5A200966683 /* RxRelay */; };
		D860B637299DF5A200966683 /* RxSwift in Frameworks */ = {isa = PBXBuildFile; productRef = D860B636299DF5A200966683 /* RxSwift */; };
		D868BA2729A7A1C100E80012 /* ProfileViewModel.swift in Sources */ = {isa = PBXBuildFile; fileRef = D868BA2629A7A1C100E80012 /* ProfileViewModel.swift */; };
		D868BA2B29A7B4DF00E80012 /* ProfileText.swift in Sources */ = {isa = PBXBuildFile; fileRef = D868BA2A29A7B4DF00E80012 /* ProfileText.swift */; };
		D868BA3029A7C5D100E80012 /* ImagePickerController.swift in Sources */ = {isa = PBXBuildFile; fileRef = D868BA2F29A7C5D100E80012 /* ImagePickerController.swift */; };
		D868BA3429A89A2100E80012 /* LocationResultCollectionView.swift in Sources */ = {isa = PBXBuildFile; fileRef = D868BA3329A89A2100E80012 /* LocationResultCollectionView.swift */; };
		D868BA3629A89C6100E80012 /* BaseCollectionView.swift in Sources */ = {isa = PBXBuildFile; fileRef = D868BA3529A89C6100E80012 /* BaseCollectionView.swift */; };
		D868BA3829A8A14200E80012 /* FindLocationViewModel.swift in Sources */ = {isa = PBXBuildFile; fileRef = D868BA3729A8A14200E80012 /* FindLocationViewModel.swift */; };
		D868BA3A29A8A32C00E80012 /* FindLocationUseCase.swift in Sources */ = {isa = PBXBuildFile; fileRef = D868BA3929A8A32C00E80012 /* FindLocationUseCase.swift */; };
		D868BA3C29A8DE0E00E80012 /* InterestedSportsViewModel.swift in Sources */ = {isa = PBXBuildFile; fileRef = D868BA3B29A8DE0E00E80012 /* InterestedSportsViewModel.swift */; };
		D868BA3E29A8F1CF00E80012 /* DefaultProgressView.swift in Sources */ = {isa = PBXBuildFile; fileRef = D868BA3D29A8F1CF00E80012 /* DefaultProgressView.swift */; };
		D868BA4029A8FAA400E80012 /* SignupViewModel.swift in Sources */ = {isa = PBXBuildFile; fileRef = D868BA3F29A8FAA400E80012 /* SignupViewModel.swift */; };
		D868BA4429AB172F00E80012 /* RxKakaoSDKAuth in Frameworks */ = {isa = PBXBuildFile; productRef = D868BA4329AB172F00E80012 /* RxKakaoSDKAuth */; };
		D868BA4629AB172F00E80012 /* RxKakaoSDKCommon in Frameworks */ = {isa = PBXBuildFile; productRef = D868BA4529AB172F00E80012 /* RxKakaoSDKCommon */; };
		D868BA4A29AC7DAE00E80012 /* SocialLoginService.swift in Sources */ = {isa = PBXBuildFile; fileRef = D868BA4929AC7DAE00E80012 /* SocialLoginService.swift */; };
		D868BA5029AC871700E80012 /* KakaoLoginService.swift in Sources */ = {isa = PBXBuildFile; fileRef = D868BA4F29AC871700E80012 /* KakaoLoginService.swift */; };
		D868BA5229AC871E00E80012 /* AppleLoginService.swift in Sources */ = {isa = PBXBuildFile; fileRef = D868BA5129AC871E00E80012 /* AppleLoginService.swift */; };
		D868BA5629AC88EE00E80012 /* SocialLogin.swift in Sources */ = {isa = PBXBuildFile; fileRef = D868BA5529AC88EE00E80012 /* SocialLogin.swift */; };
		D868BA5829AC894800E80012 /* SocialLoginError.swift in Sources */ = {isa = PBXBuildFile; fileRef = D868BA5729AC894800E80012 /* SocialLoginError.swift */; };
		D868BA5B29AC908E00E80012 /* LoginInfo.swift in Sources */ = {isa = PBXBuildFile; fileRef = D868BA5A29AC908E00E80012 /* LoginInfo.swift */; };
		D868BA5E29AC990C00E80012 /* RxKakaoSDKUser in Frameworks */ = {isa = PBXBuildFile; productRef = D868BA5D29AC990C00E80012 /* RxKakaoSDKUser */; };
		D868BA6029ACBE0800E80012 /* User.swift in Sources */ = {isa = PBXBuildFile; fileRef = D868BA5F29ACBE0800E80012 /* User.swift */; };
		D868BA6229ADCF6500E80012 /* TabBarDIContainer.swift in Sources */ = {isa = PBXBuildFile; fileRef = D868BA6129ADCF6500E80012 /* TabBarDIContainer.swift */; };
		D868BA6D29AE3F4700E80012 /* HomeViewModel.swift in Sources */ = {isa = PBXBuildFile; fileRef = D868BA6C29AE3F4700E80012 /* HomeViewModel.swift */; };
		D868BA6F29AE3F4E00E80012 /* HomeViewController.swift in Sources */ = {isa = PBXBuildFile; fileRef = D868BA6E29AE3F4E00E80012 /* HomeViewController.swift */; };
		D868BA7629B04D2600E80012 /* TopScrollView.swift in Sources */ = {isa = PBXBuildFile; fileRef = D868BA7529B04D2600E80012 /* TopScrollView.swift */; };
		D868BA7829B0516600E80012 /* PopularMatchCollectionView.swift in Sources */ = {isa = PBXBuildFile; fileRef = D868BA7729B0516600E80012 /* PopularMatchCollectionView.swift */; };
		D868BA7A29B051CD00E80012 /* BaseCollectionReusableView.swift in Sources */ = {isa = PBXBuildFile; fileRef = D868BA7929B051CD00E80012 /* BaseCollectionReusableView.swift */; };
		D868BA7C29B0524D00E80012 /* PopularHeaderView.swift in Sources */ = {isa = PBXBuildFile; fileRef = D868BA7B29B0524D00E80012 /* PopularHeaderView.swift */; };
		D868BA7E29B0525700E80012 /* MatchHeaderView.swift in Sources */ = {isa = PBXBuildFile; fileRef = D868BA7D29B0525700E80012 /* MatchHeaderView.swift */; };
		D868BA8029B05C5600E80012 /* PopularMatchCell.swift in Sources */ = {isa = PBXBuildFile; fileRef = D868BA7F29B05C5600E80012 /* PopularMatchCell.swift */; };
		D868BA8229B05C6600E80012 /* MatchCell.swift in Sources */ = {isa = PBXBuildFile; fileRef = D868BA8129B05C6600E80012 /* MatchCell.swift */; };
		D868BA8429B05C9500E80012 /* BaseCollectionViewCell.swift in Sources */ = {isa = PBXBuildFile; fileRef = D868BA8329B05C9500E80012 /* BaseCollectionViewCell.swift */; };
		D868BA8629B05E8200E80012 /* DefaultBadgeLabel.swift in Sources */ = {isa = PBXBuildFile; fileRef = D868BA8529B05E8200E80012 /* DefaultBadgeLabel.swift */; };
		D868BA8D29B05F8600E80012 /* MatchType.swift in Sources */ = {isa = PBXBuildFile; fileRef = D868BA8C29B05F8600E80012 /* MatchType.swift */; };
		D868BA9629B070B000E80012 /* MatchInfo.swift in Sources */ = {isa = PBXBuildFile; fileRef = D868BA9529B070B000E80012 /* MatchInfo.swift */; };
		D868BA9829B0715800E80012 /* MatchCollectionView.swift in Sources */ = {isa = PBXBuildFile; fileRef = D868BA9729B0715800E80012 /* MatchCollectionView.swift */; };
		D868BA9A29B07BE300E80012 /* Match.swift in Sources */ = {isa = PBXBuildFile; fileRef = D868BA9929B07BE300E80012 /* Match.swift */; };
		D868BA9D29B0901F00E80012 /* Kingfisher in Frameworks */ = {isa = PBXBuildFile; productRef = D868BA9C29B0901F00E80012 /* Kingfisher */; };
		D868BA9F29B0EA8D00E80012 /* TopScrollImageView.swift in Sources */ = {isa = PBXBuildFile; fileRef = D868BA9E29B0EA8D00E80012 /* TopScrollImageView.swift */; };
		D868BAA129B0EADC00E80012 /* BaseView.swift in Sources */ = {isa = PBXBuildFile; fileRef = D868BAA029B0EADC00E80012 /* BaseView.swift */; };
		D868BAA929B206E600E80012 /* Badge.swift in Sources */ = {isa = PBXBuildFile; fileRef = D868BAA829B206E600E80012 /* Badge.swift */; };
		D868BAAF29B31C3000E80012 /* APIEndpoints.swift in Sources */ = {isa = PBXBuildFile; fileRef = D868BAAE29B31C3000E80012 /* APIEndpoints.swift */; };
		D868BAB329B3242F00E80012 /* UserDTO.swift in Sources */ = {isa = PBXBuildFile; fileRef = D868BAB229B3242F00E80012 /* UserDTO.swift */; };
		D86B254F29A742620041EB00 /* NicknameValidation.swift in Sources */ = {isa = PBXBuildFile; fileRef = D86B254E29A742620041EB00 /* NicknameValidation.swift */; };
		D87BD888299E730D003A1B76 /* DefaultButton.swift in Sources */ = {isa = PBXBuildFile; fileRef = D87BD887299E730D003A1B76 /* DefaultButton.swift */; };
		D87BD88A299E766D003A1B76 /* UIButton+.swift in Sources */ = {isa = PBXBuildFile; fileRef = D87BD889299E766D003A1B76 /* UIButton+.swift */; };
		D87BD88C299E77C7003A1B76 /* DefaultTextField.swift in Sources */ = {isa = PBXBuildFile; fileRef = D87BD88B299E77C7003A1B76 /* DefaultTextField.swift */; };
		D8E1113029A3222500A3CE6A /* FindLocationViewController.swift in Sources */ = {isa = PBXBuildFile; fileRef = D8E1112F29A3222500A3CE6A /* FindLocationViewController.swift */; };
/* End PBXBuildFile section */

/* Begin PBXFileReference section */
		D800291029A5FC5200F75378 /* NicknameViewModel.swift */ = {isa = PBXFileReference; lastKnownFileType = sourcecode.swift; path = NicknameViewModel.swift; sourceTree = "<group>"; };
		D800291329A5FF1C00F75378 /* ViewModel.swift */ = {isa = PBXFileReference; lastKnownFileType = sourcecode.swift; path = ViewModel.swift; sourceTree = "<group>"; };
		D800291529A600A300F75378 /* NicknameUseCase.swift */ = {isa = PBXFileReference; lastKnownFileType = sourcecode.swift; path = NicknameUseCase.swift; sourceTree = "<group>"; };
		D805FDD529A5B2980007E63D /* Sport.swift */ = {isa = PBXFileReference; lastKnownFileType = sourcecode.swift; path = Sport.swift; sourceTree = "<group>"; };
		D805FDDB29A5B4AD0007E63D /* SportsCollectionView.swift */ = {isa = PBXFileReference; lastKnownFileType = sourcecode.swift; path = SportsCollectionView.swift; sourceTree = "<group>"; };
		D805FDDD29A5B4B60007E63D /* SportsCell.swift */ = {isa = PBXFileReference; lastKnownFileType = sourcecode.swift; path = SportsCell.swift; sourceTree = "<group>"; };
		D820258729A21E2B00892CE8 /* DefaultToolbar.swift */ = {isa = PBXFileReference; lastKnownFileType = sourcecode.swift; path = DefaultToolbar.swift; sourceTree = "<group>"; };
		D820258929A2208300892CE8 /* ProfileViewController.swift */ = {isa = PBXFileReference; lastKnownFileType = sourcecode.swift; path = ProfileViewController.swift; sourceTree = "<group>"; };
		D820258B29A220CC00892CE8 /* DefaultProfileImageView.swift */ = {isa = PBXFileReference; lastKnownFileType = sourcecode.swift; path = DefaultProfileImageView.swift; sourceTree = "<group>"; };
		D820259829A22EC800892CE8 /* ProfileTextCollectionView.swift */ = {isa = PBXFileReference; lastKnownFileType = sourcecode.swift; path = ProfileTextCollectionView.swift; sourceTree = "<group>"; };
		D820259A29A2309000892CE8 /* ProfileTextCell.swift */ = {isa = PBXFileReference; lastKnownFileType = sourcecode.swift; path = ProfileTextCell.swift; sourceTree = "<group>"; };
		D820259D29A236AB00892CE8 /* CollectionViewLayout.swift */ = {isa = PBXFileReference; lastKnownFileType = sourcecode.swift; path = CollectionViewLayout.swift; sourceTree = "<group>"; };
		D820259F29A24A7C00892CE8 /* LocationViewController.swift */ = {isa = PBXFileReference; lastKnownFileType = sourcecode.swift; path = LocationViewController.swift; sourceTree = "<group>"; };
		D82025A129A24AC300892CE8 /* InterestedInSportsViewController.swift */ = {isa = PBXFileReference; lastKnownFileType = sourcecode.swift; path = InterestedInSportsViewController.swift; sourceTree = "<group>"; };
		D82025A329A24AE900892CE8 /* CompleteSignupViewController.swift */ = {isa = PBXFileReference; lastKnownFileType = sourcecode.swift; path = CompleteSignupViewController.swift; sourceTree = "<group>"; };
		D857612D299BCFF800F1AFEB /* STITCH.app */ = {isa = PBXFileReference; explicitFileType = wrapper.application; includeInIndex = 0; path = STITCH.app; sourceTree = BUILT_PRODUCTS_DIR; };
		D8576130299BCFF800F1AFEB /* AppDelegate.swift */ = {isa = PBXFileReference; lastKnownFileType = sourcecode.swift; path = AppDelegate.swift; sourceTree = "<group>"; };
		D8576132299BCFF800F1AFEB /* SceneDelegate.swift */ = {isa = PBXFileReference; lastKnownFileType = sourcecode.swift; path = SceneDelegate.swift; sourceTree = "<group>"; };
		D8576139299BCFFA00F1AFEB /* Colors.xcassets */ = {isa = PBXFileReference; lastKnownFileType = folder.assetcatalog; path = Colors.xcassets; sourceTree = "<group>"; };
		D857613C299BCFFA00F1AFEB /* Base */ = {isa = PBXFileReference; lastKnownFileType = file.storyboard; name = Base; path = Base.lproj/LaunchScreen.storyboard; sourceTree = "<group>"; };
		D857613E299BCFFA00F1AFEB /* Info.plist */ = {isa = PBXFileReference; lastKnownFileType = text.plist.xml; path = Info.plist; sourceTree = "<group>"; };
		D8599A98299E012300633192 /* Images.xcassets */ = {isa = PBXFileReference; lastKnownFileType = folder.assetcatalog; path = Images.xcassets; sourceTree = "<group>"; };
		D8599AA3299E25AE00633192 /* swiftgen.yml */ = {isa = PBXFileReference; lastKnownFileType = text.yaml; path = swiftgen.yml; sourceTree = "<group>"; };
		D8599AA6299E2B9D00633192 /* Assets+Generated.swift */ = {isa = PBXFileReference; fileEncoding = 4; lastKnownFileType = sourcecode.swift; path = "Assets+Generated.swift"; sourceTree = "<group>"; };
		D8599AA9299E2D7400633192 /* Pretendard-Bold.otf */ = {isa = PBXFileReference; lastKnownFileType = file; path = "Pretendard-Bold.otf"; sourceTree = "<group>"; };
		D8599AAA299E2D7400633192 /* Pretendard-SemiBold.otf */ = {isa = PBXFileReference; lastKnownFileType = file; path = "Pretendard-SemiBold.otf"; sourceTree = "<group>"; };
		D8599AAB299E2D7400633192 /* Pretendard-Regular.otf */ = {isa = PBXFileReference; lastKnownFileType = file; path = "Pretendard-Regular.otf"; sourceTree = "<group>"; };
		D8599AAF299E2EE100633192 /* UIFont+.swift */ = {isa = PBXFileReference; lastKnownFileType = sourcecode.swift; path = "UIFont+.swift"; sourceTree = "<group>"; };
		D8599AB5299E349000633192 /* AppDIContainer.swift */ = {isa = PBXFileReference; lastKnownFileType = sourcecode.swift; path = AppDIContainer.swift; sourceTree = "<group>"; };
		D8599AB7299E349C00633192 /* AuthDIContainer.swift */ = {isa = PBXFileReference; lastKnownFileType = sourcecode.swift; path = AuthDIContainer.swift; sourceTree = "<group>"; };
		D8599ABD299E365700633192 /* UIImage+.swift */ = {isa = PBXFileReference; lastKnownFileType = sourcecode.swift; path = "UIImage+.swift"; sourceTree = "<group>"; };
		D8599ABF299E425600633192 /* NicknameViewController.swift */ = {isa = PBXFileReference; lastKnownFileType = sourcecode.swift; path = NicknameViewController.swift; sourceTree = "<group>"; };
		D8599AC4299E44DC00633192 /* DefaultTitleLabel.swift */ = {isa = PBXFileReference; lastKnownFileType = sourcecode.swift; path = DefaultTitleLabel.swift; sourceTree = "<group>"; };
		D85AA32C29B33B04004B0A8B /* UserDefaultsService.swift */ = {isa = PBXFileReference; lastKnownFileType = sourcecode.swift; path = UserDefaultsService.swift; sourceTree = "<group>"; };
		D85AA33529B46543004B0A8B /* IconButton.swift */ = {isa = PBXFileReference; lastKnownFileType = sourcecode.swift; path = IconButton.swift; sourceTree = "<group>"; };
		D860B5D2299BD8A100966683 /* en */ = {isa = PBXFileReference; lastKnownFileType = text.plist.strings; name = en; path = en.lproj/Localizable.strings; sourceTree = "<group>"; };
		D860B5D4299BD8BD00966683 /* ko */ = {isa = PBXFileReference; lastKnownFileType = text.plist.strings; name = ko; path = ko.lproj/Localizable.strings; sourceTree = "<group>"; };
		D860B5D7299BD9D400966683 /* String+Localized.swift */ = {isa = PBXFileReference; lastKnownFileType = sourcecode.swift; path = "String+Localized.swift"; sourceTree = "<group>"; };
		D860B5E8299C860C00966683 /* Coordinator.swift */ = {isa = PBXFileReference; lastKnownFileType = sourcecode.swift; path = Coordinator.swift; sourceTree = "<group>"; };
		D860B5EA299C88B900966683 /* AppCoordinator.swift */ = {isa = PBXFileReference; lastKnownFileType = sourcecode.swift; path = AppCoordinator.swift; sourceTree = "<group>"; };
		D860B5EC299C894600966683 /* CoordinatorType.swift */ = {isa = PBXFileReference; lastKnownFileType = sourcecode.swift; path = CoordinatorType.swift; sourceTree = "<group>"; };
		D860B5EF299C8D5900966683 /* LoginViewController.swift */ = {isa = PBXFileReference; lastKnownFileType = sourcecode.swift; path = LoginViewController.swift; sourceTree = "<group>"; };
		D860B5F2299C8DB000966683 /* BaseViewController.swift */ = {isa = PBXFileReference; lastKnownFileType = sourcecode.swift; path = BaseViewController.swift; sourceTree = "<group>"; };
		D860B5F8299C903700966683 /* CoordinatorEvent.swift */ = {isa = PBXFileReference; lastKnownFileType = sourcecode.swift; path = CoordinatorEvent.swift; sourceTree = "<group>"; };
		D860B5FB299C912B00966683 /* AuthCoordinator.swift */ = {isa = PBXFileReference; lastKnownFileType = sourcecode.swift; path = AuthCoordinator.swift; sourceTree = "<group>"; };
		D860B5FD299C948400966683 /* TabBarPage.swift */ = {isa = PBXFileReference; lastKnownFileType = sourcecode.swift; path = TabBarPage.swift; sourceTree = "<group>"; };
		D860B600299C956200966683 /* TabBarCoordinator.swift */ = {isa = PBXFileReference; lastKnownFileType = sourcecode.swift; path = TabBarCoordinator.swift; sourceTree = "<group>"; };
		D860B603299CE45600966683 /* EndPoint.swift */ = {isa = PBXFileReference; lastKnownFileType = sourcecode.swift; path = EndPoint.swift; sourceTree = "<group>"; };
		D860B605299CE58400966683 /* NetworkConfig.swift */ = {isa = PBXFileReference; lastKnownFileType = sourcecode.swift; path = NetworkConfig.swift; sourceTree = "<group>"; };
		D860B608299CE71800966683 /* NetworkError.swift */ = {isa = PBXFileReference; lastKnownFileType = sourcecode.swift; path = NetworkError.swift; sourceTree = "<group>"; };
		D860B60A299CE76800966683 /* Encodable+toDictionary.swift */ = {isa = PBXFileReference; lastKnownFileType = sourcecode.swift; path = "Encodable+toDictionary.swift"; sourceTree = "<group>"; };
		D860B60C299CE7AC00966683 /* Dictionary+queryString.swift */ = {isa = PBXFileReference; lastKnownFileType = sourcecode.swift; path = "Dictionary+queryString.swift"; sourceTree = "<group>"; };
		D860B60E299CE9F300966683 /* NetworkService.swift */ = {isa = PBXFileReference; lastKnownFileType = sourcecode.swift; path = NetworkService.swift; sourceTree = "<group>"; };
		D860B616299CF1AF00966683 /* LoginViewModel.swift */ = {isa = PBXFileReference; lastKnownFileType = sourcecode.swift; path = LoginViewModel.swift; sourceTree = "<group>"; };
		D860B61A299CF3F100966683 /* SignupUseCase.swift */ = {isa = PBXFileReference; lastKnownFileType = sourcecode.swift; path = SignupUseCase.swift; sourceTree = "<group>"; };
		D860B61E299D199A00966683 /* SignupRepository.swift */ = {isa = PBXFileReference; lastKnownFileType = sourcecode.swift; path = SignupRepository.swift; sourceTree = "<group>"; };
		D860B621299D19DA00966683 /* DefaultSignupRepository.swift */ = {isa = PBXFileReference; lastKnownFileType = sourcecode.swift; path = DefaultSignupRepository.swift; sourceTree = "<group>"; };
		D868BA2629A7A1C100E80012 /* ProfileViewModel.swift */ = {isa = PBXFileReference; lastKnownFileType = sourcecode.swift; path = ProfileViewModel.swift; sourceTree = "<group>"; };
		D868BA2A29A7B4DF00E80012 /* ProfileText.swift */ = {isa = PBXFileReference; lastKnownFileType = sourcecode.swift; path = ProfileText.swift; sourceTree = "<group>"; };
		D868BA2F29A7C5D100E80012 /* ImagePickerController.swift */ = {isa = PBXFileReference; lastKnownFileType = sourcecode.swift; path = ImagePickerController.swift; sourceTree = "<group>"; };
		D868BA3329A89A2100E80012 /* LocationResultCollectionView.swift */ = {isa = PBXFileReference; lastKnownFileType = sourcecode.swift; path = LocationResultCollectionView.swift; sourceTree = "<group>"; };
		D868BA3529A89C6100E80012 /* BaseCollectionView.swift */ = {isa = PBXFileReference; lastKnownFileType = sourcecode.swift; path = BaseCollectionView.swift; sourceTree = "<group>"; };
		D868BA3729A8A14200E80012 /* FindLocationViewModel.swift */ = {isa = PBXFileReference; lastKnownFileType = sourcecode.swift; path = FindLocationViewModel.swift; sourceTree = "<group>"; };
		D868BA3929A8A32C00E80012 /* FindLocationUseCase.swift */ = {isa = PBXFileReference; lastKnownFileType = sourcecode.swift; path = FindLocationUseCase.swift; sourceTree = "<group>"; };
		D868BA3B29A8DE0E00E80012 /* InterestedSportsViewModel.swift */ = {isa = PBXFileReference; lastKnownFileType = sourcecode.swift; path = InterestedSportsViewModel.swift; sourceTree = "<group>"; };
		D868BA3D29A8F1CF00E80012 /* DefaultProgressView.swift */ = {isa = PBXFileReference; lastKnownFileType = sourcecode.swift; path = DefaultProgressView.swift; sourceTree = "<group>"; };
		D868BA3F29A8FAA400E80012 /* SignupViewModel.swift */ = {isa = PBXFileReference; lastKnownFileType = sourcecode.swift; path = SignupViewModel.swift; sourceTree = "<group>"; };
		D868BA4929AC7DAE00E80012 /* SocialLoginService.swift */ = {isa = PBXFileReference; lastKnownFileType = sourcecode.swift; path = SocialLoginService.swift; sourceTree = "<group>"; };
		D868BA4F29AC871700E80012 /* KakaoLoginService.swift */ = {isa = PBXFileReference; lastKnownFileType = sourcecode.swift; path = KakaoLoginService.swift; sourceTree = "<group>"; };
		D868BA5129AC871E00E80012 /* AppleLoginService.swift */ = {isa = PBXFileReference; lastKnownFileType = sourcecode.swift; path = AppleLoginService.swift; sourceTree = "<group>"; };
		D868BA5529AC88EE00E80012 /* SocialLogin.swift */ = {isa = PBXFileReference; lastKnownFileType = sourcecode.swift; path = SocialLogin.swift; sourceTree = "<group>"; };
		D868BA5729AC894800E80012 /* SocialLoginError.swift */ = {isa = PBXFileReference; lastKnownFileType = sourcecode.swift; path = SocialLoginError.swift; sourceTree = "<group>"; };
		D868BA5A29AC908E00E80012 /* LoginInfo.swift */ = {isa = PBXFileReference; lastKnownFileType = sourcecode.swift; path = LoginInfo.swift; sourceTree = "<group>"; };
		D868BA5F29ACBE0800E80012 /* User.swift */ = {isa = PBXFileReference; lastKnownFileType = sourcecode.swift; path = User.swift; sourceTree = "<group>"; };
		D868BA6129ADCF6500E80012 /* TabBarDIContainer.swift */ = {isa = PBXFileReference; lastKnownFileType = sourcecode.swift; path = TabBarDIContainer.swift; sourceTree = "<group>"; };
		D868BA6329ADD8A200E80012 /* STITCH.entitlements */ = {isa = PBXFileReference; lastKnownFileType = text.plist.entitlements; path = STITCH.entitlements; sourceTree = "<group>"; };
		D868BA6C29AE3F4700E80012 /* HomeViewModel.swift */ = {isa = PBXFileReference; lastKnownFileType = sourcecode.swift; path = HomeViewModel.swift; sourceTree = "<group>"; };
		D868BA6E29AE3F4E00E80012 /* HomeViewController.swift */ = {isa = PBXFileReference; lastKnownFileType = sourcecode.swift; path = HomeViewController.swift; sourceTree = "<group>"; };
		D868BA7529B04D2600E80012 /* TopScrollView.swift */ = {isa = PBXFileReference; lastKnownFileType = sourcecode.swift; path = TopScrollView.swift; sourceTree = "<group>"; };
		D868BA7729B0516600E80012 /* PopularMatchCollectionView.swift */ = {isa = PBXFileReference; lastKnownFileType = sourcecode.swift; path = PopularMatchCollectionView.swift; sourceTree = "<group>"; };
		D868BA7929B051CD00E80012 /* BaseCollectionReusableView.swift */ = {isa = PBXFileReference; lastKnownFileType = sourcecode.swift; path = BaseCollectionReusableView.swift; sourceTree = "<group>"; };
		D868BA7B29B0524D00E80012 /* PopularHeaderView.swift */ = {isa = PBXFileReference; lastKnownFileType = sourcecode.swift; path = PopularHeaderView.swift; sourceTree = "<group>"; };
		D868BA7D29B0525700E80012 /* MatchHeaderView.swift */ = {isa = PBXFileReference; lastKnownFileType = sourcecode.swift; path = MatchHeaderView.swift; sourceTree = "<group>"; };
		D868BA7F29B05C5600E80012 /* PopularMatchCell.swift */ = {isa = PBXFileReference; lastKnownFileType = sourcecode.swift; path = PopularMatchCell.swift; sourceTree = "<group>"; };
		D868BA8129B05C6600E80012 /* MatchCell.swift */ = {isa = PBXFileReference; lastKnownFileType = sourcecode.swift; path = MatchCell.swift; sourceTree = "<group>"; };
		D868BA8329B05C9500E80012 /* BaseCollectionViewCell.swift */ = {isa = PBXFileReference; lastKnownFileType = sourcecode.swift; path = BaseCollectionViewCell.swift; sourceTree = "<group>"; };
		D868BA8529B05E8200E80012 /* DefaultBadgeLabel.swift */ = {isa = PBXFileReference; lastKnownFileType = sourcecode.swift; path = DefaultBadgeLabel.swift; sourceTree = "<group>"; };
		D868BA8C29B05F8600E80012 /* MatchType.swift */ = {isa = PBXFileReference; lastKnownFileType = sourcecode.swift; path = MatchType.swift; sourceTree = "<group>"; };
		D868BA9529B070B000E80012 /* MatchInfo.swift */ = {isa = PBXFileReference; lastKnownFileType = sourcecode.swift; path = MatchInfo.swift; sourceTree = "<group>"; };
		D868BA9729B0715800E80012 /* MatchCollectionView.swift */ = {isa = PBXFileReference; lastKnownFileType = sourcecode.swift; path = MatchCollectionView.swift; sourceTree = "<group>"; };
		D868BA9929B07BE300E80012 /* Match.swift */ = {isa = PBXFileReference; lastKnownFileType = sourcecode.swift; path = Match.swift; sourceTree = "<group>"; };
		D868BA9E29B0EA8D00E80012 /* TopScrollImageView.swift */ = {isa = PBXFileReference; lastKnownFileType = sourcecode.swift; path = TopScrollImageView.swift; sourceTree = "<group>"; };
		D868BAA029B0EADC00E80012 /* BaseView.swift */ = {isa = PBXFileReference; lastKnownFileType = sourcecode.swift; path = BaseView.swift; sourceTree = "<group>"; };
		D868BAA829B206E600E80012 /* Badge.swift */ = {isa = PBXFileReference; lastKnownFileType = sourcecode.swift; path = Badge.swift; sourceTree = "<group>"; };
		D868BAAE29B31C3000E80012 /* APIEndpoints.swift */ = {isa = PBXFileReference; lastKnownFileType = sourcecode.swift; path = APIEndpoints.swift; sourceTree = "<group>"; };
		D868BAB229B3242F00E80012 /* UserDTO.swift */ = {isa = PBXFileReference; lastKnownFileType = sourcecode.swift; path = UserDTO.swift; sourceTree = "<group>"; };
		D86B254E29A742620041EB00 /* NicknameValidation.swift */ = {isa = PBXFileReference; lastKnownFileType = sourcecode.swift; path = NicknameValidation.swift; sourceTree = "<group>"; };
		D87BD887299E730D003A1B76 /* DefaultButton.swift */ = {isa = PBXFileReference; lastKnownFileType = sourcecode.swift; path = DefaultButton.swift; sourceTree = "<group>"; };
		D87BD889299E766D003A1B76 /* UIButton+.swift */ = {isa = PBXFileReference; lastKnownFileType = sourcecode.swift; path = "UIButton+.swift"; sourceTree = "<group>"; };
		D87BD88B299E77C7003A1B76 /* DefaultTextField.swift */ = {isa = PBXFileReference; lastKnownFileType = sourcecode.swift; path = DefaultTextField.swift; sourceTree = "<group>"; };
		D8E1112F29A3222500A3CE6A /* FindLocationViewController.swift */ = {isa = PBXFileReference; lastKnownFileType = sourcecode.swift; path = FindLocationViewController.swift; sourceTree = "<group>"; };
/* End PBXFileReference section */

/* Begin PBXFrameworksBuildPhase section */
		D857612A299BCFF800F1AFEB /* Frameworks */ = {
			isa = PBXFrameworksBuildPhase;
			buildActionMask = 2147483647;
			files = (
				D868BA5E29AC990C00E80012 /* RxKakaoSDKUser in Frameworks */,
				D860B633299DF5A200966683 /* RxCocoa in Frameworks */,
				D860B5DB299BDB4000966683 /* SnapKit in Frameworks */,
				D868BA9D29B0901F00E80012 /* Kingfisher in Frameworks */,
				D860B637299DF5A200966683 /* RxSwift in Frameworks */,
				D85AA33929B478BA004B0A8B /* Lottie in Frameworks */,
				D868BA4629AB172F00E80012 /* RxKakaoSDKCommon in Frameworks */,
				D868BA4429AB172F00E80012 /* RxKakaoSDKAuth in Frameworks */,
				D860B635299DF5A200966683 /* RxRelay in Frameworks */,
				D860B5DE299BDB7000966683 /* Then in Frameworks */,
			);
			runOnlyForDeploymentPostprocessing = 0;
		};
/* End PBXFrameworksBuildPhase section */

/* Begin PBXGroup section */
		D800291229A5FEDD00F75378 /* Protocol */ = {
			isa = PBXGroup;
			children = (
				D800291329A5FF1C00F75378 /* ViewModel.swift */,
			);
			path = Protocol;
			sourceTree = "<group>";
		};
		D805FDD729A5B46E0007E63D /* Register */ = {
			isa = PBXGroup;
			children = (
				D868BA6529AE38C100E80012 /* InterestedSports */,
				D805FDDA29A5B48C0007E63D /* Location */,
				D805FDD929A5B4850007E63D /* CompleteSignup */,
				D805FDD829A5B47F0007E63D /* View */,
			);
			path = Register;
			sourceTree = "<group>";
		};
		D805FDD829A5B47F0007E63D /* View */ = {
			isa = PBXGroup;
			children = (
				D820259829A22EC800892CE8 /* ProfileTextCollectionView.swift */,
				D820259A29A2309000892CE8 /* ProfileTextCell.swift */,
				D805FDDB29A5B4AD0007E63D /* SportsCollectionView.swift */,
				D805FDDD29A5B4B60007E63D /* SportsCell.swift */,
				D868BA3329A89A2100E80012 /* LocationResultCollectionView.swift */,
			);
			path = View;
			sourceTree = "<group>";
		};
		D805FDD929A5B4850007E63D /* CompleteSignup */ = {
			isa = PBXGroup;
			children = (
				D868BA3F29A8FAA400E80012 /* SignupViewModel.swift */,
				D82025A329A24AE900892CE8 /* CompleteSignupViewController.swift */,
			);
			path = CompleteSignup;
			sourceTree = "<group>";
		};
		D805FDDA29A5B48C0007E63D /* Location */ = {
			isa = PBXGroup;
			children = (
				D868BA3729A8A14200E80012 /* FindLocationViewModel.swift */,
				D820259F29A24A7C00892CE8 /* LocationViewController.swift */,
				D8E1112F29A3222500A3CE6A /* FindLocationViewController.swift */,
			);
			path = Location;
			sourceTree = "<group>";
		};
		D820259C29A2369C00892CE8 /* Layout */ = {
			isa = PBXGroup;
			children = (
				D820259D29A236AB00892CE8 /* CollectionViewLayout.swift */,
			);
			path = Layout;
			sourceTree = "<group>";
		};
		D8576124299BCFF800F1AFEB = {
			isa = PBXGroup;
			children = (
				D857612F299BCFF800F1AFEB /* STITCH */,
				D857612E299BCFF800F1AFEB /* Products */,
				D868BA5C29AC990C00E80012 /* Frameworks */,
			);
			sourceTree = "<group>";
		};
		D857612E299BCFF800F1AFEB /* Products */ = {
			isa = PBXGroup;
			children = (
				D857612D299BCFF800F1AFEB /* STITCH.app */,
			);
			name = Products;
			sourceTree = "<group>";
		};
		D857612F299BCFF800F1AFEB /* STITCH */ = {
			isa = PBXGroup;
			children = (
				D868BA6329ADD8A200E80012 /* STITCH.entitlements */,
				D868BA4129AA1B3900E80012 /* temp */,
				D8599AA3299E25AE00633192 /* swiftgen.yml */,
				D860B5C5299BD4CA00966683 /* Application */,
				D860B5C4299BD4BD00966683 /* Presentation */,
				D860B5C2299BD4AF00966683 /* Domain */,
				D860B5C3299BD4B500966683 /* Data */,
				D860B5BF299BD48000966683 /* Common */,
				D860B5BE299BD46100966683 /* Resources */,
				D857613E299BCFFA00F1AFEB /* Info.plist */,
			);
			path = STITCH;
			sourceTree = "<group>";
		};
		D8599AA5299E2B7700633192 /* Generated */ = {
			isa = PBXGroup;
			children = (
				D8599AA6299E2B9D00633192 /* Assets+Generated.swift */,
				D8599AAF299E2EE100633192 /* UIFont+.swift */,
				D8599ABD299E365700633192 /* UIImage+.swift */,
			);
			path = Generated;
			sourceTree = "<group>";
		};
		D8599AA8299E2D1100633192 /* Fonts */ = {
			isa = PBXGroup;
			children = (
				D8599AA9299E2D7400633192 /* Pretendard-Bold.otf */,
				D8599AAB299E2D7400633192 /* Pretendard-Regular.otf */,
				D8599AAA299E2D7400633192 /* Pretendard-SemiBold.otf */,
			);
			path = Fonts;
			sourceTree = "<group>";
		};
		D8599AC1299E42A500633192 /* View */ = {
			isa = PBXGroup;
			children = (
				D85AA33529B46543004B0A8B /* IconButton.swift */,
				D8599AC4299E44DC00633192 /* DefaultTitleLabel.swift */,
				D87BD887299E730D003A1B76 /* DefaultButton.swift */,
				D87BD88B299E77C7003A1B76 /* DefaultTextField.swift */,
				D820258729A21E2B00892CE8 /* DefaultToolbar.swift */,
				D820258B29A220CC00892CE8 /* DefaultProfileImageView.swift */,
				D868BA3D29A8F1CF00E80012 /* DefaultProgressView.swift */,
				D868BA8529B05E8200E80012 /* DefaultBadgeLabel.swift */,
				D868BAA829B206E600E80012 /* Badge.swift */,
			);
			path = View;
			sourceTree = "<group>";
		};
		D85AA33429B46539004B0A8B /* View */ = {
			isa = PBXGroup;
			children = (
			);
			path = View;
			sourceTree = "<group>";
		};
		D860B5BE299BD46100966683 /* Resources */ = {
			isa = PBXGroup;
			children = (
				D8599AA8299E2D1100633192 /* Fonts */,
				D8599AA5299E2B7700633192 /* Generated */,
				D857613B299BCFFA00F1AFEB /* LaunchScreen.storyboard */,
				D8576139299BCFFA00F1AFEB /* Colors.xcassets */,
				D8599A98299E012300633192 /* Images.xcassets */,
			);
			path = Resources;
			sourceTree = "<group>";
		};
		D860B5BF299BD48000966683 /* Common */ = {
			isa = PBXGroup;
			children = (
				D868BA6429AE021700E80012 /* AuthService */,
				D86B254D29A7424E0041EB00 /* Validation */,
				D860B607299CE70B00966683 /* Constant */,
				D860B5D6299BD9BD00966683 /* Localizing */,
				D860B5D5299BD9B600966683 /* Extension */,
			);
			path = Common;
			sourceTree = "<group>";
		};
		D860B5C2299BD4AF00966683 /* Domain */ = {
			isa = PBXGroup;
			children = (
				D868BA8B29B05F7200E80012 /* Model */,
				D860B5CB299BD5B900966683 /* UseCase */,
				D860B5CA299BD5AF00966683 /* Repository */,
			);
			path = Domain;
			sourceTree = "<group>";
		};
		D860B5C3299BD4B500966683 /* Data */ = {
			isa = PBXGroup;
			children = (
				D860B5C9299BD5A300966683 /* Entities */,
				D860B602299CE43D00966683 /* Network */,
				D860B5C8299BD57200966683 /* PersistentStorage */,
				D860B5C7299BD52400966683 /* Repository */,
			);
			path = Data;
			sourceTree = "<group>";
		};
		D860B5C4299BD4BD00966683 /* Presentation */ = {
			isa = PBXGroup;
			children = (
				D868BA9429B070A300E80012 /* Model */,
				D860B5CE299BD65000966683 /* Common */,
				D860B5CC299BD5DE00966683 /* Auth */,
				D860B5CD299BD63000966683 /* TabBar */,
			);
			path = Presentation;
			sourceTree = "<group>";
		};
		D860B5C5299BD4CA00966683 /* Application */ = {
			isa = PBXGroup;
			children = (
				D860B5C6299BD50B00966683 /* DIContainer */,
				D8576130299BCFF800F1AFEB /* AppDelegate.swift */,
				D8576132299BCFF800F1AFEB /* SceneDelegate.swift */,
				D860B5EA299C88B900966683 /* AppCoordinator.swift */,
			);
			path = Application;
			sourceTree = "<group>";
		};
		D860B5C6299BD50B00966683 /* DIContainer */ = {
			isa = PBXGroup;
			children = (
				D8599AB5299E349000633192 /* AppDIContainer.swift */,
				D8599AB7299E349C00633192 /* AuthDIContainer.swift */,
				D868BA6129ADCF6500E80012 /* TabBarDIContainer.swift */,
			);
			path = DIContainer;
			sourceTree = "<group>";
		};
		D860B5C7299BD52400966683 /* Repository */ = {
			isa = PBXGroup;
			children = (
				D860B620299D19CC00966683 /* Auth */,
			);
			path = Repository;
			sourceTree = "<group>";
		};
		D860B5C8299BD57200966683 /* PersistentStorage */ = {
			isa = PBXGroup;
			children = (
				D85AA32C29B33B04004B0A8B /* UserDefaultsService.swift */,
			);
			path = PersistentStorage;
			sourceTree = "<group>";
		};
		D860B5C9299BD5A300966683 /* Entities */ = {
			isa = PBXGroup;
			children = (
				D868BAB229B3242F00E80012 /* UserDTO.swift */,
			);
			path = Entities;
			sourceTree = "<group>";
		};
		D860B5CA299BD5AF00966683 /* Repository */ = {
			isa = PBXGroup;
			children = (
				D860B61D299D198F00966683 /* Auth */,
			);
			path = Repository;
			sourceTree = "<group>";
		};
		D860B5CB299BD5B900966683 /* UseCase */ = {
			isa = PBXGroup;
			children = (
				D860B61C299D18DB00966683 /* Auth */,
			);
			path = UseCase;
			sourceTree = "<group>";
		};
		D860B5CC299BD5DE00966683 /* Auth */ = {
			isa = PBXGroup;
			children = (
				D860B5FA299C911200966683 /* Coordinator */,
				D860B610299CF10100966683 /* Login */,
				D805FDD729A5B46E0007E63D /* Register */,
			);
			path = Auth;
			sourceTree = "<group>";
		};
		D860B5CD299BD63000966683 /* TabBar */ = {
			isa = PBXGroup;
			children = (
				D860B5FD299C948400966683 /* TabBarPage.swift */,
				D860B5FF299C955100966683 /* Coordinator */,
				D868BA6829AE3EFE00E80012 /* Home */,
				D868BA6A29AE3F0A00E80012 /* MyMenu */,
			);
			path = TabBar;
			sourceTree = "<group>";
		};
		D860B5CE299BD65000966683 /* Common */ = {
			isa = PBXGroup;
			children = (
				D868BA2E29A7C5C300E80012 /* Controller */,
				D800291229A5FEDD00F75378 /* Protocol */,
				D820259C29A2369C00892CE8 /* Layout */,
				D8599AC1299E42A500633192 /* View */,
				D860B5F1299C8DA300966683 /* Base */,
				D860B5E7299C85E900966683 /* Coordinator */,
			);
			path = Common;
			sourceTree = "<group>";
		};
		D860B5D5299BD9B600966683 /* Extension */ = {
			isa = PBXGroup;
			children = (
				D860B5D7299BD9D400966683 /* String+Localized.swift */,
				D860B60A299CE76800966683 /* Encodable+toDictionary.swift */,
				D860B60C299CE7AC00966683 /* Dictionary+queryString.swift */,
				D87BD889299E766D003A1B76 /* UIButton+.swift */,
			);
			path = Extension;
			sourceTree = "<group>";
		};
		D860B5D6299BD9BD00966683 /* Localizing */ = {
			isa = PBXGroup;
			children = (
				D860B5D3299BD8A100966683 /* Localizable.strings */,
			);
			path = Localizing;
			sourceTree = "<group>";
		};
		D860B5E7299C85E900966683 /* Coordinator */ = {
			isa = PBXGroup;
			children = (
				D860B5E8299C860C00966683 /* Coordinator.swift */,
				D860B5EC299C894600966683 /* CoordinatorType.swift */,
				D860B5F8299C903700966683 /* CoordinatorEvent.swift */,
			);
			path = Coordinator;
			sourceTree = "<group>";
		};
		D860B5F1299C8DA300966683 /* Base */ = {
			isa = PBXGroup;
			children = (
				D860B5F2299C8DB000966683 /* BaseViewController.swift */,
				D868BA3529A89C6100E80012 /* BaseCollectionView.swift */,
				D868BA7929B051CD00E80012 /* BaseCollectionReusableView.swift */,
				D868BA8329B05C9500E80012 /* BaseCollectionViewCell.swift */,
				D868BAA029B0EADC00E80012 /* BaseView.swift */,
			);
			path = Base;
			sourceTree = "<group>";
		};
		D860B5FA299C911200966683 /* Coordinator */ = {
			isa = PBXGroup;
			children = (
				D860B5FB299C912B00966683 /* AuthCoordinator.swift */,
			);
			path = Coordinator;
			sourceTree = "<group>";
		};
		D860B5FF299C955100966683 /* Coordinator */ = {
			isa = PBXGroup;
			children = (
				D860B600299C956200966683 /* TabBarCoordinator.swift */,
			);
			path = Coordinator;
			sourceTree = "<group>";
		};
		D860B602299CE43D00966683 /* Network */ = {
			isa = PBXGroup;
			children = (
				D860B603299CE45600966683 /* EndPoint.swift */,
				D860B605299CE58400966683 /* NetworkConfig.swift */,
				D868BAAE29B31C3000E80012 /* APIEndpoints.swift */,
				D860B60E299CE9F300966683 /* NetworkService.swift */,
			);
			path = Network;
			sourceTree = "<group>";
		};
		D860B607299CE70B00966683 /* Constant */ = {
			isa = PBXGroup;
			children = (
				D868BA5929AC894E00E80012 /* Error */,
				D868BA2A29A7B4DF00E80012 /* ProfileText.swift */,
			);
			path = Constant;
			sourceTree = "<group>";
		};
		D860B610299CF10100966683 /* Login */ = {
			isa = PBXGroup;
			children = (
				D85AA33429B46539004B0A8B /* View */,
				D860B5EF299C8D5900966683 /* LoginViewController.swift */,
				D860B616299CF1AF00966683 /* LoginViewModel.swift */,
			);
			path = Login;
			sourceTree = "<group>";
		};
		D860B61C299D18DB00966683 /* Auth */ = {
			isa = PBXGroup;
			children = (
				D860B61A299CF3F100966683 /* SignupUseCase.swift */,
				D800291529A600A300F75378 /* NicknameUseCase.swift */,
				D868BA3929A8A32C00E80012 /* FindLocationUseCase.swift */,
			);
			path = Auth;
			sourceTree = "<group>";
		};
		D860B61D299D198F00966683 /* Auth */ = {
			isa = PBXGroup;
			children = (
				D860B61E299D199A00966683 /* SignupRepository.swift */,
			);
			path = Auth;
			sourceTree = "<group>";
		};
		D860B620299D19CC00966683 /* Auth */ = {
			isa = PBXGroup;
			children = (
				D860B621299D19DA00966683 /* DefaultSignupRepository.swift */,
			);
			path = Auth;
			sourceTree = "<group>";
		};
		D868BA2E29A7C5C300E80012 /* Controller */ = {
			isa = PBXGroup;
			children = (
				D868BA2F29A7C5D100E80012 /* ImagePickerController.swift */,
			);
			path = Controller;
			sourceTree = "<group>";
		};
		D868BA4129AA1B3900E80012 /* temp */ = {
			isa = PBXGroup;
			children = (
				D800291029A5FC5200F75378 /* NicknameViewModel.swift */,
				D868BA2629A7A1C100E80012 /* ProfileViewModel.swift */,
				D8599ABF299E425600633192 /* NicknameViewController.swift */,
				D820258929A2208300892CE8 /* ProfileViewController.swift */,
			);
			path = temp;
			sourceTree = "<group>";
		};
		D868BA5929AC894E00E80012 /* Error */ = {
			isa = PBXGroup;
			children = (
				D860B608299CE71800966683 /* NetworkError.swift */,
				D868BA5729AC894800E80012 /* SocialLoginError.swift */,
			);
			path = Error;
			sourceTree = "<group>";
		};
		D868BA5C29AC990C00E80012 /* Frameworks */ = {
			isa = PBXGroup;
			children = (
			);
			name = Frameworks;
			sourceTree = "<group>";
		};
		D868BA6429AE021700E80012 /* AuthService */ = {
			isa = PBXGroup;
			children = (
				D868BA4929AC7DAE00E80012 /* SocialLoginService.swift */,
				D868BA4F29AC871700E80012 /* KakaoLoginService.swift */,
				D868BA5129AC871E00E80012 /* AppleLoginService.swift */,
			);
			path = AuthService;
			sourceTree = "<group>";
		};
		D868BA6529AE38C100E80012 /* InterestedSports */ = {
			isa = PBXGroup;
			children = (
				D868BA3B29A8DE0E00E80012 /* InterestedSportsViewModel.swift */,
				D82025A129A24AC300892CE8 /* InterestedInSportsViewController.swift */,
			);
			path = InterestedSports;
			sourceTree = "<group>";
		};
		D868BA6829AE3EFE00E80012 /* Home */ = {
			isa = PBXGroup;
			children = (
				D868BA7029AE422D00E80012 /* View */,
				D868BA6B29AE3F2B00E80012 /* Home */,
			);
			path = Home;
			sourceTree = "<group>";
		};
		D868BA6A29AE3F0A00E80012 /* MyMenu */ = {
			isa = PBXGroup;
			children = (
			);
			path = MyMenu;
			sourceTree = "<group>";
		};
		D868BA6B29AE3F2B00E80012 /* Home */ = {
			isa = PBXGroup;
			children = (
				D868BA6C29AE3F4700E80012 /* HomeViewModel.swift */,
				D868BA6E29AE3F4E00E80012 /* HomeViewController.swift */,
			);
			path = Home;
			sourceTree = "<group>";
		};
		D868BA7029AE422D00E80012 /* View */ = {
			isa = PBXGroup;
			children = (
				D868BA7529B04D2600E80012 /* TopScrollView.swift */,
				D868BA9E29B0EA8D00E80012 /* TopScrollImageView.swift */,
				D868BA7729B0516600E80012 /* PopularMatchCollectionView.swift */,
				D868BA7B29B0524D00E80012 /* PopularHeaderView.swift */,
				D868BA7F29B05C5600E80012 /* PopularMatchCell.swift */,
				D868BA9729B0715800E80012 /* MatchCollectionView.swift */,
				D868BA7D29B0525700E80012 /* MatchHeaderView.swift */,
				D868BA8129B05C6600E80012 /* MatchCell.swift */,
			);
			path = View;
			sourceTree = "<group>";
		};
		D868BA8B29B05F7200E80012 /* Model */ = {
			isa = PBXGroup;
			children = (
				D868BA9929B07BE300E80012 /* Match.swift */,
				D868BA5A29AC908E00E80012 /* LoginInfo.swift */,
				D868BA5F29ACBE0800E80012 /* User.swift */,
				D868BA5529AC88EE00E80012 /* SocialLogin.swift */,
				D805FDD529A5B2980007E63D /* Sport.swift */,
				D868BA8C29B05F8600E80012 /* MatchType.swift */,
			);
			path = Model;
			sourceTree = "<group>";
		};
		D868BA9429B070A300E80012 /* Model */ = {
			isa = PBXGroup;
			children = (
				D868BA9529B070B000E80012 /* MatchInfo.swift */,
			);
			path = Model;
			sourceTree = "<group>";
		};
		D86B254D29A7424E0041EB00 /* Validation */ = {
			isa = PBXGroup;
			children = (
				D86B254E29A742620041EB00 /* NicknameValidation.swift */,
			);
			path = Validation;
			sourceTree = "<group>";
		};
/* End PBXGroup section */

/* Begin PBXNativeTarget section */
		D857612C299BCFF800F1AFEB /* STITCH */ = {
			isa = PBXNativeTarget;
			buildConfigurationList = D8576141299BCFFA00F1AFEB /* Build configuration list for PBXNativeTarget "STITCH" */;
			buildPhases = (
				D8576129299BCFF800F1AFEB /* Sources */,
				D857612A299BCFF800F1AFEB /* Frameworks */,
				D857612B299BCFF800F1AFEB /* Resources */,
			);
			buildRules = (
			);
			dependencies = (
			);
			name = STITCH;
			packageProductDependencies = (
				D860B5DA299BDB4000966683 /* SnapKit */,
				D860B5DD299BDB7000966683 /* Then */,
				D860B632299DF5A200966683 /* RxCocoa */,
				D860B634299DF5A200966683 /* RxRelay */,
				D860B636299DF5A200966683 /* RxSwift */,
				D868BA4329AB172F00E80012 /* RxKakaoSDKAuth */,
				D868BA4529AB172F00E80012 /* RxKakaoSDKCommon */,
				D868BA5D29AC990C00E80012 /* RxKakaoSDKUser */,
				D868BA9C29B0901F00E80012 /* Kingfisher */,
				D85AA33829B478BA004B0A8B /* Lottie */,
			);
			productName = STITCH;
			productReference = D857612D299BCFF800F1AFEB /* STITCH.app */;
			productType = "com.apple.product-type.application";
		};
/* End PBXNativeTarget section */

/* Begin PBXProject section */
		D8576125299BCFF800F1AFEB /* Project object */ = {
			isa = PBXProject;
			attributes = {
				BuildIndependentTargetsInParallel = 1;
				LastSwiftUpdateCheck = 1410;
				LastUpgradeCheck = 1410;
				TargetAttributes = {
					D857612C299BCFF800F1AFEB = {
						CreatedOnToolsVersion = 14.1;
					};
				};
			};
			buildConfigurationList = D8576128299BCFF800F1AFEB /* Build configuration list for PBXProject "STITCH" */;
			compatibilityVersion = "Xcode 14.0";
			developmentRegion = en;
			hasScannedForEncodings = 0;
			knownRegions = (
				en,
				Base,
				ko,
			);
			mainGroup = D8576124299BCFF800F1AFEB;
			packageReferences = (
				D860B5D9299BDB3F00966683 /* XCRemoteSwiftPackageReference "SnapKit" */,
				D860B5DC299BDB7000966683 /* XCRemoteSwiftPackageReference "Then" */,
				D860B631299DF5A200966683 /* XCRemoteSwiftPackageReference "RxSwift" */,
				D868BA4229AB172F00E80012 /* XCRemoteSwiftPackageReference "kakao-ios-sdk-rx" */,
				D868BA9B29B0901F00E80012 /* XCRemoteSwiftPackageReference "Kingfisher" */,
				D85AA33729B478BA004B0A8B /* XCRemoteSwiftPackageReference "lottie-ios" */,
			);
			productRefGroup = D857612E299BCFF800F1AFEB /* Products */;
			projectDirPath = "";
			projectRoot = "";
			targets = (
				D857612C299BCFF800F1AFEB /* STITCH */,
			);
		};
/* End PBXProject section */

/* Begin PBXResourcesBuildPhase section */
		D857612B299BCFF800F1AFEB /* Resources */ = {
			isa = PBXResourcesBuildPhase;
			buildActionMask = 2147483647;
			files = (
				D8599AA4299E25AE00633192 /* swiftgen.yml in Resources */,
				D8599AAC299E2D8300633192 /* Pretendard-Bold.otf in Resources */,
				D857613D299BCFFA00F1AFEB /* LaunchScreen.storyboard in Resources */,
				D8599AAE299E2D8700633192 /* Pretendard-SemiBold.otf in Resources */,
				D8599A99299E012300633192 /* Images.xcassets in Resources */,
				D8599AAD299E2D8500633192 /* Pretendard-Regular.otf in Resources */,
				D860B5D1299BD8A100966683 /* Localizable.strings in Resources */,
				D857613A299BCFFA00F1AFEB /* Colors.xcassets in Resources */,
			);
			runOnlyForDeploymentPostprocessing = 0;
		};
/* End PBXResourcesBuildPhase section */

/* Begin PBXSourcesBuildPhase section */
		D8576129299BCFF800F1AFEB /* Sources */ = {
			isa = PBXSourcesBuildPhase;
			buildActionMask = 2147483647;
			files = (
				D86B254F29A742620041EB00 /* NicknameValidation.swift in Sources */,
				D860B606299CE58400966683 /* NetworkConfig.swift in Sources */,
				D820258829A21E2C00892CE8 /* DefaultToolbar.swift in Sources */,
				D8599ABE299E365700633192 /* UIImage+.swift in Sources */,
				D868BA7C29B0524D00E80012 /* PopularHeaderView.swift in Sources */,
				D868BA2B29A7B4DF00E80012 /* ProfileText.swift in Sources */,
				D868BA6F29AE3F4E00E80012 /* HomeViewController.swift in Sources */,
				D820258C29A220CC00892CE8 /* DefaultProfileImageView.swift in Sources */,
				D860B604299CE45600966683 /* EndPoint.swift in Sources */,
				D87BD88C299E77C7003A1B76 /* DefaultTextField.swift in Sources */,
				D8E1113029A3222500A3CE6A /* FindLocationViewController.swift in Sources */,
				D868BA8429B05C9500E80012 /* BaseCollectionViewCell.swift in Sources */,
				D868BAA929B206E600E80012 /* Badge.swift in Sources */,
				D800291629A600A300F75378 /* NicknameUseCase.swift in Sources */,
				D868BAB329B3242F00E80012 /* UserDTO.swift in Sources */,
				D868BA3429A89A2100E80012 /* LocationResultCollectionView.swift in Sources */,
				D860B5F0299C8D5900966683 /* LoginViewController.swift in Sources */,
				D8599AC5299E44DC00633192 /* DefaultTitleLabel.swift in Sources */,
				D805FDDE29A5B4B60007E63D /* SportsCell.swift in Sources */,
				D860B5E9299C860C00966683 /* Coordinator.swift in Sources */,
				D868BA8229B05C6600E80012 /* MatchCell.swift in Sources */,
				D868BA3029A7C5D100E80012 /* ImagePickerController.swift in Sources */,
				D868BA3E29A8F1CF00E80012 /* DefaultProgressView.swift in Sources */,
				D868BA6229ADCF6500E80012 /* TabBarDIContainer.swift in Sources */,
				D820259929A22EC800892CE8 /* ProfileTextCollectionView.swift in Sources */,
				D868BA9A29B07BE300E80012 /* Match.swift in Sources */,
				D860B60F299CE9F300966683 /* NetworkService.swift in Sources */,
				D82025A429A24AE900892CE8 /* CompleteSignupViewController.swift in Sources */,
				D860B60D299CE7AC00966683 /* Dictionary+queryString.swift in Sources */,
				D868BA5B29AC908E00E80012 /* LoginInfo.swift in Sources */,
				D8599AB0299E2EE100633192 /* UIFont+.swift in Sources */,
				D860B601299C956200966683 /* TabBarCoordinator.swift in Sources */,
				D82025A029A24A7C00892CE8 /* LocationViewController.swift in Sources */,
				D820259B29A2309000892CE8 /* ProfileTextCell.swift in Sources */,
				D860B5FC299C912B00966683 /* AuthCoordinator.swift in Sources */,
				D868BA6D29AE3F4700E80012 /* HomeViewModel.swift in Sources */,
				D860B5D8299BD9D400966683 /* String+Localized.swift in Sources */,
				D800291429A5FF1C00F75378 /* ViewModel.swift in Sources */,
				D868BA5229AC871E00E80012 /* AppleLoginService.swift in Sources */,
				D868BAA129B0EADC00E80012 /* BaseView.swift in Sources */,
				D860B622299D19DA00966683 /* DefaultSignupRepository.swift in Sources */,
				D868BA3829A8A14200E80012 /* FindLocationViewModel.swift in Sources */,
				D860B5ED299C894600966683 /* CoordinatorType.swift in Sources */,
				D800291129A5FC5200F75378 /* NicknameViewModel.swift in Sources */,
				D87BD88A299E766D003A1B76 /* UIButton+.swift in Sources */,
				D860B60B299CE76800966683 /* Encodable+toDictionary.swift in Sources */,
				D868BA2729A7A1C100E80012 /* ProfileViewModel.swift in Sources */,
				D868BA5029AC871700E80012 /* KakaoLoginService.swift in Sources */,
				D860B5EB299C88B900966683 /* AppCoordinator.swift in Sources */,
				D87BD888299E730D003A1B76 /* DefaultButton.swift in Sources */,
				D820259E29A236AB00892CE8 /* CollectionViewLayout.swift in Sources */,
				D868BA8029B05C5600E80012 /* PopularMatchCell.swift in Sources */,
				D868BA3629A89C6100E80012 /* BaseCollectionView.swift in Sources */,
				D868BA3C29A8DE0E00E80012 /* InterestedSportsViewModel.swift in Sources */,
				D8599AA7299E2B9D00633192 /* Assets+Generated.swift in Sources */,
				D868BA4A29AC7DAE00E80012 /* SocialLoginService.swift in Sources */,
				D85AA33629B46543004B0A8B /* IconButton.swift in Sources */,
				D868BA6029ACBE0800E80012 /* User.swift in Sources */,
				D860B609299CE71800966683 /* NetworkError.swift in Sources */,
				D868BA8629B05E8200E80012 /* DefaultBadgeLabel.swift in Sources */,
				D8599AB8299E349C00633192 /* AuthDIContainer.swift in Sources */,
				D868BA4029A8FAA400E80012 /* SignupViewModel.swift in Sources */,
				D868BA7629B04D2600E80012 /* TopScrollView.swift in Sources */,
				D860B5F3299C8DB000966683 /* BaseViewController.swift in Sources */,
				D868BA9629B070B000E80012 /* MatchInfo.swift in Sources */,
				D868BA3A29A8A32C00E80012 /* FindLocationUseCase.swift in Sources */,
				D868BA7A29B051CD00E80012 /* BaseCollectionReusableView.swift in Sources */,
				D868BA5829AC894800E80012 /* SocialLoginError.swift in Sources */,
				D8576131299BCFF800F1AFEB /* AppDelegate.swift in Sources */,
				D860B5FE299C948400966683 /* TabBarPage.swift in Sources */,
				D805FDD629A5B2980007E63D /* Sport.swift in Sources */,
				D868BA7829B0516600E80012 /* PopularMatchCollectionView.swift in Sources */,
				D868BA5629AC88EE00E80012 /* SocialLogin.swift in Sources */,
				D868BA9F29B0EA8D00E80012 /* TopScrollImageView.swift in Sources */,
				D85AA32D29B33B04004B0A8B /* UserDefaultsService.swift in Sources */,
				D8576133299BCFF800F1AFEB /* SceneDelegate.swift in Sources */,
				D860B617299CF1B000966683 /* LoginViewModel.swift in Sources */,
				D868BA7E29B0525700E80012 /* MatchHeaderView.swift in Sources */,
				D8599AB6299E349000633192 /* AppDIContainer.swift in Sources */,
				D860B61F299D199A00966683 /* SignupRepository.swift in Sources */,
				D868BA8D29B05F8600E80012 /* MatchType.swift in Sources */,
				D868BAAF29B31C3000E80012 /* APIEndpoints.swift in Sources */,
				D860B5F9299C903700966683 /* CoordinatorEvent.swift in Sources */,
				D868BA9829B0715800E80012 /* MatchCollectionView.swift in Sources */,
				D82025A229A24AC300892CE8 /* InterestedInSportsViewController.swift in Sources */,
				D820258A29A2208300892CE8 /* ProfileViewController.swift in Sources */,
				D8599AC0299E425600633192 /* NicknameViewController.swift in Sources */,
				D860B61B299CF3F100966683 /* SignupUseCase.swift in Sources */,
				D805FDDC29A5B4AD0007E63D /* SportsCollectionView.swift in Sources */,
			);
			runOnlyForDeploymentPostprocessing = 0;
		};
/* End PBXSourcesBuildPhase section */

/* Begin PBXVariantGroup section */
		D857613B299BCFFA00F1AFEB /* LaunchScreen.storyboard */ = {
			isa = PBXVariantGroup;
			children = (
				D857613C299BCFFA00F1AFEB /* Base */,
			);
			name = LaunchScreen.storyboard;
			sourceTree = "<group>";
		};
		D860B5D3299BD8A100966683 /* Localizable.strings */ = {
			isa = PBXVariantGroup;
			children = (
				D860B5D2299BD8A100966683 /* en */,
				D860B5D4299BD8BD00966683 /* ko */,
			);
			name = Localizable.strings;
			sourceTree = "<group>";
		};
/* End PBXVariantGroup section */

/* Begin XCBuildConfiguration section */
		D857613F299BCFFA00F1AFEB /* Debug */ = {
			isa = XCBuildConfiguration;
			buildSettings = {
				ALWAYS_SEARCH_USER_PATHS = NO;
				CLANG_ANALYZER_LOCALIZABILITY_NONLOCALIZED = YES;
				CLANG_ANALYZER_NONNULL = YES;
				CLANG_ANALYZER_NUMBER_OBJECT_CONVERSION = YES_AGGRESSIVE;
				CLANG_CXX_LANGUAGE_STANDARD = "gnu++20";
				CLANG_ENABLE_MODULES = YES;
				CLANG_ENABLE_OBJC_ARC = YES;
				CLANG_ENABLE_OBJC_WEAK = YES;
				CLANG_WARN_BLOCK_CAPTURE_AUTORELEASING = YES;
				CLANG_WARN_BOOL_CONVERSION = YES;
				CLANG_WARN_COMMA = YES;
				CLANG_WARN_CONSTANT_CONVERSION = YES;
				CLANG_WARN_DEPRECATED_OBJC_IMPLEMENTATIONS = YES;
				CLANG_WARN_DIRECT_OBJC_ISA_USAGE = YES_ERROR;
				CLANG_WARN_DOCUMENTATION_COMMENTS = YES;
				CLANG_WARN_EMPTY_BODY = YES;
				CLANG_WARN_ENUM_CONVERSION = YES;
				CLANG_WARN_INFINITE_RECURSION = YES;
				CLANG_WARN_INT_CONVERSION = YES;
				CLANG_WARN_NON_LITERAL_NULL_CONVERSION = YES;
				CLANG_WARN_OBJC_IMPLICIT_RETAIN_SELF = YES;
				CLANG_WARN_OBJC_LITERAL_CONVERSION = YES;
				CLANG_WARN_OBJC_ROOT_CLASS = YES_ERROR;
				CLANG_WARN_QUOTED_INCLUDE_IN_FRAMEWORK_HEADER = YES;
				CLANG_WARN_RANGE_LOOP_ANALYSIS = YES;
				CLANG_WARN_STRICT_PROTOTYPES = YES;
				CLANG_WARN_SUSPICIOUS_MOVE = YES;
				CLANG_WARN_UNGUARDED_AVAILABILITY = YES_AGGRESSIVE;
				CLANG_WARN_UNREACHABLE_CODE = YES;
				CLANG_WARN__DUPLICATE_METHOD_MATCH = YES;
				COPY_PHASE_STRIP = NO;
				DEBUG_INFORMATION_FORMAT = dwarf;
				ENABLE_STRICT_OBJC_MSGSEND = YES;
				ENABLE_TESTABILITY = YES;
				GCC_C_LANGUAGE_STANDARD = gnu11;
				GCC_DYNAMIC_NO_PIC = NO;
				GCC_NO_COMMON_BLOCKS = YES;
				GCC_OPTIMIZATION_LEVEL = 0;
				GCC_PREPROCESSOR_DEFINITIONS = (
					"DEBUG=1",
					"$(inherited)",
				);
				GCC_WARN_64_TO_32_BIT_CONVERSION = YES;
				GCC_WARN_ABOUT_RETURN_TYPE = YES_ERROR;
				GCC_WARN_UNDECLARED_SELECTOR = YES;
				GCC_WARN_UNINITIALIZED_AUTOS = YES_AGGRESSIVE;
				GCC_WARN_UNUSED_FUNCTION = YES;
				GCC_WARN_UNUSED_VARIABLE = YES;
				IPHONEOS_DEPLOYMENT_TARGET = 16.1;
				MTL_ENABLE_DEBUG_INFO = INCLUDE_SOURCE;
				MTL_FAST_MATH = YES;
				ONLY_ACTIVE_ARCH = YES;
				SDKROOT = iphoneos;
				SWIFT_ACTIVE_COMPILATION_CONDITIONS = DEBUG;
				SWIFT_OPTIMIZATION_LEVEL = "-Onone";
			};
			name = Debug;
		};
		D8576140299BCFFA00F1AFEB /* Release */ = {
			isa = XCBuildConfiguration;
			buildSettings = {
				ALWAYS_SEARCH_USER_PATHS = NO;
				CLANG_ANALYZER_LOCALIZABILITY_NONLOCALIZED = YES;
				CLANG_ANALYZER_NONNULL = YES;
				CLANG_ANALYZER_NUMBER_OBJECT_CONVERSION = YES_AGGRESSIVE;
				CLANG_CXX_LANGUAGE_STANDARD = "gnu++20";
				CLANG_ENABLE_MODULES = YES;
				CLANG_ENABLE_OBJC_ARC = YES;
				CLANG_ENABLE_OBJC_WEAK = YES;
				CLANG_WARN_BLOCK_CAPTURE_AUTORELEASING = YES;
				CLANG_WARN_BOOL_CONVERSION = YES;
				CLANG_WARN_COMMA = YES;
				CLANG_WARN_CONSTANT_CONVERSION = YES;
				CLANG_WARN_DEPRECATED_OBJC_IMPLEMENTATIONS = YES;
				CLANG_WARN_DIRECT_OBJC_ISA_USAGE = YES_ERROR;
				CLANG_WARN_DOCUMENTATION_COMMENTS = YES;
				CLANG_WARN_EMPTY_BODY = YES;
				CLANG_WARN_ENUM_CONVERSION = YES;
				CLANG_WARN_INFINITE_RECURSION = YES;
				CLANG_WARN_INT_CONVERSION = YES;
				CLANG_WARN_NON_LITERAL_NULL_CONVERSION = YES;
				CLANG_WARN_OBJC_IMPLICIT_RETAIN_SELF = YES;
				CLANG_WARN_OBJC_LITERAL_CONVERSION = YES;
				CLANG_WARN_OBJC_ROOT_CLASS = YES_ERROR;
				CLANG_WARN_QUOTED_INCLUDE_IN_FRAMEWORK_HEADER = YES;
				CLANG_WARN_RANGE_LOOP_ANALYSIS = YES;
				CLANG_WARN_STRICT_PROTOTYPES = YES;
				CLANG_WARN_SUSPICIOUS_MOVE = YES;
				CLANG_WARN_UNGUARDED_AVAILABILITY = YES_AGGRESSIVE;
				CLANG_WARN_UNREACHABLE_CODE = YES;
				CLANG_WARN__DUPLICATE_METHOD_MATCH = YES;
				COPY_PHASE_STRIP = NO;
				DEBUG_INFORMATION_FORMAT = "dwarf-with-dsym";
				ENABLE_NS_ASSERTIONS = NO;
				ENABLE_STRICT_OBJC_MSGSEND = YES;
				GCC_C_LANGUAGE_STANDARD = gnu11;
				GCC_NO_COMMON_BLOCKS = YES;
				GCC_WARN_64_TO_32_BIT_CONVERSION = YES;
				GCC_WARN_ABOUT_RETURN_TYPE = YES_ERROR;
				GCC_WARN_UNDECLARED_SELECTOR = YES;
				GCC_WARN_UNINITIALIZED_AUTOS = YES_AGGRESSIVE;
				GCC_WARN_UNUSED_FUNCTION = YES;
				GCC_WARN_UNUSED_VARIABLE = YES;
				IPHONEOS_DEPLOYMENT_TARGET = 16.1;
				MTL_ENABLE_DEBUG_INFO = NO;
				MTL_FAST_MATH = YES;
				SDKROOT = iphoneos;
				SWIFT_COMPILATION_MODE = wholemodule;
				SWIFT_OPTIMIZATION_LEVEL = "-O";
				VALIDATE_PRODUCT = YES;
			};
			name = Release;
		};
		D8576142299BCFFA00F1AFEB /* Debug */ = {
			isa = XCBuildConfiguration;
			buildSettings = {
				ASSETCATALOG_COMPILER_APPICON_NAME = AppIcon;
				ASSETCATALOG_COMPILER_GLOBAL_ACCENT_COLOR_NAME = AccentColor;
				CODE_SIGN_ENTITLEMENTS = STITCH/STITCH.entitlements;
				CODE_SIGN_STYLE = Automatic;
				CURRENT_PROJECT_VERSION = 1;
				DEVELOPMENT_TEAM = SLD3XB8ML6;
				GENERATE_INFOPLIST_FILE = YES;
				INFOPLIST_FILE = STITCH/Info.plist;
				INFOPLIST_KEY_UIApplicationSupportsIndirectInputEvents = YES;
				INFOPLIST_KEY_UILaunchStoryboardName = LaunchScreen;
				INFOPLIST_KEY_UISupportedInterfaceOrientations_iPad = "UIInterfaceOrientationPortrait UIInterfaceOrientationPortraitUpsideDown UIInterfaceOrientationLandscapeLeft UIInterfaceOrientationLandscapeRight";
				INFOPLIST_KEY_UISupportedInterfaceOrientations_iPhone = "UIInterfaceOrientationPortrait UIInterfaceOrientationLandscapeLeft UIInterfaceOrientationLandscapeRight";
				LD_RUNPATH_SEARCH_PATHS = (
					"$(inherited)",
					"@executable_path/Frameworks",
				);
				MARKETING_VERSION = 1.0;
				PRODUCT_BUNDLE_IDENTIFIER = com.neuli.STITCH;
				PRODUCT_NAME = "$(TARGET_NAME)";
				SWIFT_EMIT_LOC_STRINGS = YES;
				SWIFT_VERSION = 5.0;
				TARGETED_DEVICE_FAMILY = "1,2";
			};
			name = Debug;
		};
		D8576143299BCFFA00F1AFEB /* Release */ = {
			isa = XCBuildConfiguration;
			buildSettings = {
				ASSETCATALOG_COMPILER_APPICON_NAME = AppIcon;
				ASSETCATALOG_COMPILER_GLOBAL_ACCENT_COLOR_NAME = AccentColor;
				CODE_SIGN_ENTITLEMENTS = STITCH/STITCH.entitlements;
				CODE_SIGN_STYLE = Automatic;
				CURRENT_PROJECT_VERSION = 1;
				DEVELOPMENT_TEAM = SLD3XB8ML6;
				GENERATE_INFOPLIST_FILE = YES;
				INFOPLIST_FILE = STITCH/Info.plist;
				INFOPLIST_KEY_UIApplicationSupportsIndirectInputEvents = YES;
				INFOPLIST_KEY_UILaunchStoryboardName = LaunchScreen;
				INFOPLIST_KEY_UISupportedInterfaceOrientations_iPad = "UIInterfaceOrientationPortrait UIInterfaceOrientationPortraitUpsideDown UIInterfaceOrientationLandscapeLeft UIInterfaceOrientationLandscapeRight";
				INFOPLIST_KEY_UISupportedInterfaceOrientations_iPhone = "UIInterfaceOrientationPortrait UIInterfaceOrientationLandscapeLeft UIInterfaceOrientationLandscapeRight";
				LD_RUNPATH_SEARCH_PATHS = (
					"$(inherited)",
					"@executable_path/Frameworks",
				);
				MARKETING_VERSION = 1.0;
				PRODUCT_BUNDLE_IDENTIFIER = com.neuli.STITCH;
				PRODUCT_NAME = "$(TARGET_NAME)";
				SWIFT_EMIT_LOC_STRINGS = YES;
				SWIFT_VERSION = 5.0;
				TARGETED_DEVICE_FAMILY = "1,2";
			};
			name = Release;
		};
/* End XCBuildConfiguration section */

/* Begin XCConfigurationList section */
		D8576128299BCFF800F1AFEB /* Build configuration list for PBXProject "STITCH" */ = {
			isa = XCConfigurationList;
			buildConfigurations = (
				D857613F299BCFFA00F1AFEB /* Debug */,
				D8576140299BCFFA00F1AFEB /* Release */,
			);
			defaultConfigurationIsVisible = 0;
			defaultConfigurationName = Release;
		};
		D8576141299BCFFA00F1AFEB /* Build configuration list for PBXNativeTarget "STITCH" */ = {
			isa = XCConfigurationList;
			buildConfigurations = (
				D8576142299BCFFA00F1AFEB /* Debug */,
				D8576143299BCFFA00F1AFEB /* Release */,
			);
			defaultConfigurationIsVisible = 0;
			defaultConfigurationName = Release;
		};
/* End XCConfigurationList section */

/* Begin XCRemoteSwiftPackageReference section */
		D85AA33729B478BA004B0A8B /* XCRemoteSwiftPackageReference "lottie-ios" */ = {
			isa = XCRemoteSwiftPackageReference;
			repositoryURL = "https://github.com/airbnb/lottie-ios.git";
			requirement = {
				branch = master;
				kind = branch;
			};
		};
		D860B5D9299BDB3F00966683 /* XCRemoteSwiftPackageReference "SnapKit" */ = {
			isa = XCRemoteSwiftPackageReference;
			repositoryURL = "https://github.com/SnapKit/SnapKit.git";
			requirement = {
				branch = develop;
				kind = branch;
			};
		};
		D860B5DC299BDB7000966683 /* XCRemoteSwiftPackageReference "Then" */ = {
			isa = XCRemoteSwiftPackageReference;
			repositoryURL = "https://github.com/devxoul/Then.git";
			requirement = {
				branch = master;
				kind = branch;
			};
		};
		D860B631299DF5A200966683 /* XCRemoteSwiftPackageReference "RxSwift" */ = {
			isa = XCRemoteSwiftPackageReference;
			repositoryURL = "https://github.com/ReactiveX/RxSwift.git";
			requirement = {
				branch = main;
				kind = branch;
			};
		};
		D868BA4229AB172F00E80012 /* XCRemoteSwiftPackageReference "kakao-ios-sdk-rx" */ = {
			isa = XCRemoteSwiftPackageReference;
			repositoryURL = "https://github.com/kakao/kakao-ios-sdk-rx";
			requirement = {
				branch = master;
				kind = branch;
			};
		};
		D868BA9B29B0901F00E80012 /* XCRemoteSwiftPackageReference "Kingfisher" */ = {
			isa = XCRemoteSwiftPackageReference;
			repositoryURL = "https://github.com/onevcat/Kingfisher.git";
			requirement = {
				branch = master;
				kind = branch;
			};
		};
/* End XCRemoteSwiftPackageReference section */

/* Begin XCSwiftPackageProductDependency section */
		D85AA33829B478BA004B0A8B /* Lottie */ = {
			isa = XCSwiftPackageProductDependency;
			package = D85AA33729B478BA004B0A8B /* XCRemoteSwiftPackageReference "lottie-ios" */;
			productName = Lottie;
		};
		D860B5DA299BDB4000966683 /* SnapKit */ = {
			isa = XCSwiftPackageProductDependency;
			package = D860B5D9299BDB3F00966683 /* XCRemoteSwiftPackageReference "SnapKit" */;
			productName = SnapKit;
		};
		D860B5DD299BDB7000966683 /* Then */ = {
			isa = XCSwiftPackageProductDependency;
			package = D860B5DC299BDB7000966683 /* XCRemoteSwiftPackageReference "Then" */;
			productName = Then;
		};
		D860B632299DF5A200966683 /* RxCocoa */ = {
			isa = XCSwiftPackageProductDependency;
			package = D860B631299DF5A200966683 /* XCRemoteSwiftPackageReference "RxSwift" */;
			productName = RxCocoa;
		};
		D860B634299DF5A200966683 /* RxRelay */ = {
			isa = XCSwiftPackageProductDependency;
			package = D860B631299DF5A200966683 /* XCRemoteSwiftPackageReference "RxSwift" */;
			productName = RxRelay;
		};
		D860B636299DF5A200966683 /* RxSwift */ = {
			isa = XCSwiftPackageProductDependency;
			package = D860B631299DF5A200966683 /* XCRemoteSwiftPackageReference "RxSwift" */;
			productName = RxSwift;
		};
		D868BA4329AB172F00E80012 /* RxKakaoSDKAuth */ = {
			isa = XCSwiftPackageProductDependency;
			package = D868BA4229AB172F00E80012 /* XCRemoteSwiftPackageReference "kakao-ios-sdk-rx" */;
			productName = RxKakaoSDKAuth;
		};
		D868BA4529AB172F00E80012 /* RxKakaoSDKCommon */ = {
			isa = XCSwiftPackageProductDependency;
			package = D868BA4229AB172F00E80012 /* XCRemoteSwiftPackageReference "kakao-ios-sdk-rx" */;
			productName = RxKakaoSDKCommon;
		};
		D868BA5D29AC990C00E80012 /* RxKakaoSDKUser */ = {
			isa = XCSwiftPackageProductDependency;
			package = D868BA4229AB172F00E80012 /* XCRemoteSwiftPackageReference "kakao-ios-sdk-rx" */;
			productName = RxKakaoSDKUser;
		};
		D868BA9C29B0901F00E80012 /* Kingfisher */ = {
			isa = XCSwiftPackageProductDependency;
			package = D868BA9B29B0901F00E80012 /* XCRemoteSwiftPackageReference "Kingfisher" */;
			productName = Kingfisher;
		};
/* End XCSwiftPackageProductDependency section */
	};
	rootObject = D8576125299BCFF800F1AFEB /* Project object */;
}
