// !$*UTF8*$!
{
	archiveVersion = 1;
	classes = {
	};
	objectVersion = 56;
	objects = {

/* Begin PBXBuildFile section */
		D8576131299BCFF800F1AFEB /* AppDelegate.swift in Sources */ = {isa = PBXBuildFile; fileRef = D8576130299BCFF800F1AFEB /* AppDelegate.swift */; };
		D8576133299BCFF800F1AFEB /* SceneDelegate.swift in Sources */ = {isa = PBXBuildFile; fileRef = D8576132299BCFF800F1AFEB /* SceneDelegate.swift */; };
		D857613A299BCFFA00F1AFEB /* Assets.xcassets in Resources */ = {isa = PBXBuildFile; fileRef = D8576139299BCFFA00F1AFEB /* Assets.xcassets */; };
		D857613D299BCFFA00F1AFEB /* LaunchScreen.storyboard in Resources */ = {isa = PBXBuildFile; fileRef = D857613B299BCFFA00F1AFEB /* LaunchScreen.storyboard */; };
		D860B5D1299BD8A100966683 /* Localizable.strings in Resources */ = {isa = PBXBuildFile; fileRef = D860B5D3299BD8A100966683 /* Localizable.strings */; };
		D860B5D8299BD9D400966683 /* String+Localized.swift in Sources */ = {isa = PBXBuildFile; fileRef = D860B5D7299BD9D400966683 /* String+Localized.swift */; };
		D860B5DB299BDB4000966683 /* SnapKit in Frameworks */ = {isa = PBXBuildFile; productRef = D860B5DA299BDB4000966683 /* SnapKit */; };
		D860B5DE299BDB7000966683 /* Then in Frameworks */ = {isa = PBXBuildFile; productRef = D860B5DD299BDB7000966683 /* Then */; };
/* End PBXBuildFile section */

/* Begin PBXFileReference section */
		D857612D299BCFF800F1AFEB /* STITCH.app */ = {isa = PBXFileReference; explicitFileType = wrapper.application; includeInIndex = 0; path = STITCH.app; sourceTree = BUILT_PRODUCTS_DIR; };
		D8576130299BCFF800F1AFEB /* AppDelegate.swift */ = {isa = PBXFileReference; lastKnownFileType = sourcecode.swift; path = AppDelegate.swift; sourceTree = "<group>"; };
		D8576132299BCFF800F1AFEB /* SceneDelegate.swift */ = {isa = PBXFileReference; lastKnownFileType = sourcecode.swift; path = SceneDelegate.swift; sourceTree = "<group>"; };
		D8576139299BCFFA00F1AFEB /* Assets.xcassets */ = {isa = PBXFileReference; lastKnownFileType = folder.assetcatalog; path = Assets.xcassets; sourceTree = "<group>"; };
		D857613C299BCFFA00F1AFEB /* Base */ = {isa = PBXFileReference; lastKnownFileType = file.storyboard; name = Base; path = Base.lproj/LaunchScreen.storyboard; sourceTree = "<group>"; };
		D857613E299BCFFA00F1AFEB /* Info.plist */ = {isa = PBXFileReference; lastKnownFileType = text.plist.xml; path = Info.plist; sourceTree = "<group>"; };
		D860B5D2299BD8A100966683 /* en */ = {isa = PBXFileReference; lastKnownFileType = text.plist.strings; name = en; path = en.lproj/Localizable.strings; sourceTree = "<group>"; };
		D860B5D4299BD8BD00966683 /* ko */ = {isa = PBXFileReference; lastKnownFileType = text.plist.strings; name = ko; path = ko.lproj/Localizable.strings; sourceTree = "<group>"; };
		D860B5D7299BD9D400966683 /* String+Localized.swift */ = {isa = PBXFileReference; lastKnownFileType = sourcecode.swift; path = "String+Localized.swift"; sourceTree = "<group>"; };
/* End PBXFileReference section */

/* Begin PBXFrameworksBuildPhase section */
		D857612A299BCFF800F1AFEB /* Frameworks */ = {
			isa = PBXFrameworksBuildPhase;
			buildActionMask = 2147483647;
			files = (
				D860B5DB299BDB4000966683 /* SnapKit in Frameworks */,
				D860B5DE299BDB7000966683 /* Then in Frameworks */,
			);
			runOnlyForDeploymentPostprocessing = 0;
		};
/* End PBXFrameworksBuildPhase section */

/* Begin PBXGroup section */
		D8576124299BCFF800F1AFEB = {
			isa = PBXGroup;
			children = (
				D857612F299BCFF800F1AFEB /* STITCH */,
				D857612E299BCFF800F1AFEB /* Products */,
			);
			sourceTree = "<group>";
		};
		D857612E299BCFF800F1AFEB /* Products */ = {
			isa = PBXGroup;
			children = (
				D857612D299BCFF800F1AFEB /* STITCH.app */,
			);
			name = Products;
			sourceTree = "<group>";
		};
		D857612F299BCFF800F1AFEB /* STITCH */ = {
			isa = PBXGroup;
			children = (
				D860B5C5299BD4CA00966683 /* Application */,
				D860B5C4299BD4BD00966683 /* Presentation */,
				D860B5C2299BD4AF00966683 /* Domain */,
				D860B5C3299BD4B500966683 /* Data */,
				D860B5C0299BD48C00966683 /* Network */,
				D860B5BF299BD48000966683 /* Common */,
				D860B5BE299BD46100966683 /* Resources */,
				D857613E299BCFFA00F1AFEB /* Info.plist */,
			);
			path = STITCH;
			sourceTree = "<group>";
		};
		D860B5BE299BD46100966683 /* Resources */ = {
			isa = PBXGroup;
			children = (
				D857613B299BCFFA00F1AFEB /* LaunchScreen.storyboard */,
				D8576139299BCFFA00F1AFEB /* Assets.xcassets */,
			);
			path = Resources;
			sourceTree = "<group>";
		};
		D860B5BF299BD48000966683 /* Common */ = {
			isa = PBXGroup;
			children = (
				D860B5D6299BD9BD00966683 /* Localizing */,
				D860B5D5299BD9B600966683 /* Extension */,
			);
			path = Common;
			sourceTree = "<group>";
		};
		D860B5C0299BD48C00966683 /* Network */ = {
			isa = PBXGroup;
			children = (
			);
			path = Network;
			sourceTree = "<group>";
		};
		D860B5C2299BD4AF00966683 /* Domain */ = {
			isa = PBXGroup;
			children = (
				D860B5CB299BD5B900966683 /* UseCase */,
				D860B5CA299BD5AF00966683 /* RepositoryInterface */,
				D860B5C9299BD5A300966683 /* Entities */,
			);
			path = Domain;
			sourceTree = "<group>";
		};
		D860B5C3299BD4B500966683 /* Data */ = {
			isa = PBXGroup;
			children = (
				D860B5C8299BD57200966683 /* PersistentStorage */,
				D860B5C7299BD52400966683 /* Repository */,
			);
			path = Data;
			sourceTree = "<group>";
		};
		D860B5C4299BD4BD00966683 /* Presentation */ = {
			isa = PBXGroup;
			children = (
				D860B5CE299BD65000966683 /* Common */,
				D860B5CC299BD5DE00966683 /* LoginScene */,
				D860B5CD299BD63000966683 /* HomeScene */,
			);
			path = Presentation;
			sourceTree = "<group>";
		};
		D860B5C5299BD4CA00966683 /* Application */ = {
			isa = PBXGroup;
			children = (
				D860B5C6299BD50B00966683 /* DIContainer */,
				D8576130299BCFF800F1AFEB /* AppDelegate.swift */,
				D8576132299BCFF800F1AFEB /* SceneDelegate.swift */,
			);
			path = Application;
			sourceTree = "<group>";
		};
		D860B5C6299BD50B00966683 /* DIContainer */ = {
			isa = PBXGroup;
			children = (
			);
			path = DIContainer;
			sourceTree = "<group>";
		};
		D860B5C7299BD52400966683 /* Repository */ = {
			isa = PBXGroup;
			children = (
			);
			path = Repository;
			sourceTree = "<group>";
		};
		D860B5C8299BD57200966683 /* PersistentStorage */ = {
			isa = PBXGroup;
			children = (
			);
			path = PersistentStorage;
			sourceTree = "<group>";
		};
		D860B5C9299BD5A300966683 /* Entities */ = {
			isa = PBXGroup;
			children = (
			);
			path = Entities;
			sourceTree = "<group>";
		};
		D860B5CA299BD5AF00966683 /* RepositoryInterface */ = {
			isa = PBXGroup;
			children = (
			);
			path = RepositoryInterface;
			sourceTree = "<group>";
		};
		D860B5CB299BD5B900966683 /* UseCase */ = {
			isa = PBXGroup;
			children = (
			);
			path = UseCase;
			sourceTree = "<group>";
		};
		D860B5CC299BD5DE00966683 /* LoginScene */ = {
			isa = PBXGroup;
			children = (
			);
			path = LoginScene;
			sourceTree = "<group>";
		};
		D860B5CD299BD63000966683 /* HomeScene */ = {
			isa = PBXGroup;
			children = (
			);
			path = HomeScene;
			sourceTree = "<group>";
		};
		D860B5CE299BD65000966683 /* Common */ = {
			isa = PBXGroup;
			children = (
			);
			path = Common;
			sourceTree = "<group>";
		};
		D860B5D5299BD9B600966683 /* Extension */ = {
			isa = PBXGroup;
			children = (
				D860B5D7299BD9D400966683 /* String+Localized.swift */,
			);
			path = Extension;
			sourceTree = "<group>";
		};
		D860B5D6299BD9BD00966683 /* Localizing */ = {
			isa = PBXGroup;
			children = (
				D860B5D3299BD8A100966683 /* Localizable.strings */,
			);
			path = Localizing;
			sourceTree = "<group>";
		};
/* End PBXGroup section */

/* Begin PBXNativeTarget section */
		D857612C299BCFF800F1AFEB /* STITCH */ = {
			isa = PBXNativeTarget;
			buildConfigurationList = D8576141299BCFFA00F1AFEB /* Build configuration list for PBXNativeTarget "STITCH" */;
			buildPhases = (
				D8576129299BCFF800F1AFEB /* Sources */,
				D857612A299BCFF800F1AFEB /* Frameworks */,
				D857612B299BCFF800F1AFEB /* Resources */,
			);
			buildRules = (
			);
			dependencies = (
			);
			name = STITCH;
			packageProductDependencies = (
				D860B5DA299BDB4000966683 /* SnapKit */,
				D860B5DD299BDB7000966683 /* Then */,
			);
			productName = STITCH;
			productReference = D857612D299BCFF800F1AFEB /* STITCH.app */;
			productType = "com.apple.product-type.application";
		};
/* End PBXNativeTarget section */

/* Begin PBXProject section */
		D8576125299BCFF800F1AFEB /* Project object */ = {
			isa = PBXProject;
			attributes = {
				BuildIndependentTargetsInParallel = 1;
				LastSwiftUpdateCheck = 1410;
				LastUpgradeCheck = 1410;
				TargetAttributes = {
					D857612C299BCFF800F1AFEB = {
						CreatedOnToolsVersion = 14.1;
					};
				};
			};
			buildConfigurationList = D8576128299BCFF800F1AFEB /* Build configuration list for PBXProject "STITCH" */;
			compatibilityVersion = "Xcode 14.0";
			developmentRegion = en;
			hasScannedForEncodings = 0;
			knownRegions = (
				en,
				Base,
				ko,
			);
			mainGroup = D8576124299BCFF800F1AFEB;
			packageReferences = (
				D860B5D9299BDB3F00966683 /* XCRemoteSwiftPackageReference "SnapKit" */,
				D860B5DC299BDB7000966683 /* XCRemoteSwiftPackageReference "Then" */,
			);
			productRefGroup = D857612E299BCFF800F1AFEB /* Products */;
			projectDirPath = "";
			projectRoot = "";
			targets = (
				D857612C299BCFF800F1AFEB /* STITCH */,
			);
		};
/* End PBXProject section */

/* Begin PBXResourcesBuildPhase section */
		D857612B299BCFF800F1AFEB /* Resources */ = {
			isa = PBXResourcesBuildPhase;
			buildActionMask = 2147483647;
			files = (
				D857613D299BCFFA00F1AFEB /* LaunchScreen.storyboard in Resources */,
				D860B5D1299BD8A100966683 /* Localizable.strings in Resources */,
				D857613A299BCFFA00F1AFEB /* Assets.xcassets in Resources */,
			);
			runOnlyForDeploymentPostprocessing = 0;
		};
/* End PBXResourcesBuildPhase section */

/* Begin PBXSourcesBuildPhase section */
		D8576129299BCFF800F1AFEB /* Sources */ = {
			isa = PBXSourcesBuildPhase;
			buildActionMask = 2147483647;
			files = (
				D860B5D8299BD9D400966683 /* String+Localized.swift in Sources */,
				D8576131299BCFF800F1AFEB /* AppDelegate.swift in Sources */,
				D8576133299BCFF800F1AFEB /* SceneDelegate.swift in Sources */,
			);
			runOnlyForDeploymentPostprocessing = 0;
		};
/* End PBXSourcesBuildPhase section */

/* Begin PBXVariantGroup section */
		D857613B299BCFFA00F1AFEB /* LaunchScreen.storyboard */ = {
			isa = PBXVariantGroup;
			children = (
				D857613C299BCFFA00F1AFEB /* Base */,
			);
			name = LaunchScreen.storyboard;
			sourceTree = "<group>";
		};
		D860B5D3299BD8A100966683 /* Localizable.strings */ = {
			isa = PBXVariantGroup;
			children = (
				D860B5D2299BD8A100966683 /* en */,
				D860B5D4299BD8BD00966683 /* ko */,
			);
			name = Localizable.strings;
			sourceTree = "<group>";
		};
/* End PBXVariantGroup section */

/* Begin XCBuildConfiguration section */
		D857613F299BCFFA00F1AFEB /* Debug */ = {
			isa = XCBuildConfiguration;
			buildSettings = {
				ALWAYS_SEARCH_USER_PATHS = NO;
				CLANG_ANALYZER_LOCALIZABILITY_NONLOCALIZED = YES;
				CLANG_ANALYZER_NONNULL = YES;
				CLANG_ANALYZER_NUMBER_OBJECT_CONVERSION = YES_AGGRESSIVE;
				CLANG_CXX_LANGUAGE_STANDARD = "gnu++20";
				CLANG_ENABLE_MODULES = YES;
				CLANG_ENABLE_OBJC_ARC = YES;
				CLANG_ENABLE_OBJC_WEAK = YES;
				CLANG_WARN_BLOCK_CAPTURE_AUTORELEASING = YES;
				CLANG_WARN_BOOL_CONVERSION = YES;
				CLANG_WARN_COMMA = YES;
				CLANG_WARN_CONSTANT_CONVERSION = YES;
				CLANG_WARN_DEPRECATED_OBJC_IMPLEMENTATIONS = YES;
				CLANG_WARN_DIRECT_OBJC_ISA_USAGE = YES_ERROR;
				CLANG_WARN_DOCUMENTATION_COMMENTS = YES;
				CLANG_WARN_EMPTY_BODY = YES;
				CLANG_WARN_ENUM_CONVERSION = YES;
				CLANG_WARN_INFINITE_RECURSION = YES;
				CLANG_WARN_INT_CONVERSION = YES;
				CLANG_WARN_NON_LITERAL_NULL_CONVERSION = YES;
				CLANG_WARN_OBJC_IMPLICIT_RETAIN_SELF = YES;
				CLANG_WARN_OBJC_LITERAL_CONVERSION = YES;
				CLANG_WARN_OBJC_ROOT_CLASS = YES_ERROR;
				CLANG_WARN_QUOTED_INCLUDE_IN_FRAMEWORK_HEADER = YES;
				CLANG_WARN_RANGE_LOOP_ANALYSIS = YES;
				CLANG_WARN_STRICT_PROTOTYPES = YES;
				CLANG_WARN_SUSPICIOUS_MOVE = YES;
				CLANG_WARN_UNGUARDED_AVAILABILITY = YES_AGGRESSIVE;
				CLANG_WARN_UNREACHABLE_CODE = YES;
				CLANG_WARN__DUPLICATE_METHOD_MATCH = YES;
				COPY_PHASE_STRIP = NO;
				DEBUG_INFORMATION_FORMAT = dwarf;
				ENABLE_STRICT_OBJC_MSGSEND = YES;
				ENABLE_TESTABILITY = YES;
				GCC_C_LANGUAGE_STANDARD = gnu11;
				GCC_DYNAMIC_NO_PIC = NO;
				GCC_NO_COMMON_BLOCKS = YES;
				GCC_OPTIMIZATION_LEVEL = 0;
				GCC_PREPROCESSOR_DEFINITIONS = (
					"DEBUG=1",
					"$(inherited)",
				);
				GCC_WARN_64_TO_32_BIT_CONVERSION = YES;
				GCC_WARN_ABOUT_RETURN_TYPE = YES_ERROR;
				GCC_WARN_UNDECLARED_SELECTOR = YES;
				GCC_WARN_UNINITIALIZED_AUTOS = YES_AGGRESSIVE;
				GCC_WARN_UNUSED_FUNCTION = YES;
				GCC_WARN_UNUSED_VARIABLE = YES;
				IPHONEOS_DEPLOYMENT_TARGET = 16.1;
				MTL_ENABLE_DEBUG_INFO = INCLUDE_SOURCE;
				MTL_FAST_MATH = YES;
				ONLY_ACTIVE_ARCH = YES;
				SDKROOT = iphoneos;
				SWIFT_ACTIVE_COMPILATION_CONDITIONS = DEBUG;
				SWIFT_OPTIMIZATION_LEVEL = "-Onone";
			};
			name = Debug;
		};
		D8576140299BCFFA00F1AFEB /* Release */ = {
			isa = XCBuildConfiguration;
			buildSettings = {
				ALWAYS_SEARCH_USER_PATHS = NO;
				CLANG_ANALYZER_LOCALIZABILITY_NONLOCALIZED = YES;
				CLANG_ANALYZER_NONNULL = YES;
				CLANG_ANALYZER_NUMBER_OBJECT_CONVERSION = YES_AGGRESSIVE;
				CLANG_CXX_LANGUAGE_STANDARD = "gnu++20";
				CLANG_ENABLE_MODULES = YES;
				CLANG_ENABLE_OBJC_ARC = YES;
				CLANG_ENABLE_OBJC_WEAK = YES;
				CLANG_WARN_BLOCK_CAPTURE_AUTORELEASING = YES;
				CLANG_WARN_BOOL_CONVERSION = YES;
				CLANG_WARN_COMMA = YES;
				CLANG_WARN_CONSTANT_CONVERSION = YES;
				CLANG_WARN_DEPRECATED_OBJC_IMPLEMENTATIONS = YES;
				CLANG_WARN_DIRECT_OBJC_ISA_USAGE = YES_ERROR;
				CLANG_WARN_DOCUMENTATION_COMMENTS = YES;
				CLANG_WARN_EMPTY_BODY = YES;
				CLANG_WARN_ENUM_CONVERSION = YES;
				CLANG_WARN_INFINITE_RECURSION = YES;
				CLANG_WARN_INT_CONVERSION = YES;
				CLANG_WARN_NON_LITERAL_NULL_CONVERSION = YES;
				CLANG_WARN_OBJC_IMPLICIT_RETAIN_SELF = YES;
				CLANG_WARN_OBJC_LITERAL_CONVERSION = YES;
				CLANG_WARN_OBJC_ROOT_CLASS = YES_ERROR;
				CLANG_WARN_QUOTED_INCLUDE_IN_FRAMEWORK_HEADER = YES;
				CLANG_WARN_RANGE_LOOP_ANALYSIS = YES;
				CLANG_WARN_STRICT_PROTOTYPES = YES;
				CLANG_WARN_SUSPICIOUS_MOVE = YES;
				CLANG_WARN_UNGUARDED_AVAILABILITY = YES_AGGRESSIVE;
				CLANG_WARN_UNREACHABLE_CODE = YES;
				CLANG_WARN__DUPLICATE_METHOD_MATCH = YES;
				COPY_PHASE_STRIP = NO;
				DEBUG_INFORMATION_FORMAT = "dwarf-with-dsym";
				ENABLE_NS_ASSERTIONS = NO;
				ENABLE_STRICT_OBJC_MSGSEND = YES;
				GCC_C_LANGUAGE_STANDARD = gnu11;
				GCC_NO_COMMON_BLOCKS = YES;
				GCC_WARN_64_TO_32_BIT_CONVERSION = YES;
				GCC_WARN_ABOUT_RETURN_TYPE = YES_ERROR;
				GCC_WARN_UNDECLARED_SELECTOR = YES;
				GCC_WARN_UNINITIALIZED_AUTOS = YES_AGGRESSIVE;
				GCC_WARN_UNUSED_FUNCTION = YES;
				GCC_WARN_UNUSED_VARIABLE = YES;
				IPHONEOS_DEPLOYMENT_TARGET = 16.1;
				MTL_ENABLE_DEBUG_INFO = NO;
				MTL_FAST_MATH = YES;
				SDKROOT = iphoneos;
				SWIFT_COMPILATION_MODE = wholemodule;
				SWIFT_OPTIMIZATION_LEVEL = "-O";
				VALIDATE_PRODUCT = YES;
			};
			name = Release;
		};
		D8576142299BCFFA00F1AFEB /* Debug */ = {
			isa = XCBuildConfiguration;
			buildSettings = {
				ASSETCATALOG_COMPILER_APPICON_NAME = AppIcon;
				ASSETCATALOG_COMPILER_GLOBAL_ACCENT_COLOR_NAME = AccentColor;
				CODE_SIGN_STYLE = Automatic;
				CURRENT_PROJECT_VERSION = 1;
				DEVELOPMENT_TEAM = SLD3XB8ML6;
				GENERATE_INFOPLIST_FILE = YES;
				INFOPLIST_FILE = STITCH/Info.plist;
				INFOPLIST_KEY_UIApplicationSupportsIndirectInputEvents = YES;
				INFOPLIST_KEY_UILaunchStoryboardName = LaunchScreen;
				INFOPLIST_KEY_UISupportedInterfaceOrientations_iPad = "UIInterfaceOrientationPortrait UIInterfaceOrientationPortraitUpsideDown UIInterfaceOrientationLandscapeLeft UIInterfaceOrientationLandscapeRight";
				INFOPLIST_KEY_UISupportedInterfaceOrientations_iPhone = "UIInterfaceOrientationPortrait UIInterfaceOrientationLandscapeLeft UIInterfaceOrientationLandscapeRight";
				LD_RUNPATH_SEARCH_PATHS = (
					"$(inherited)",
					"@executable_path/Frameworks",
				);
				MARKETING_VERSION = 1.0;
				PRODUCT_BUNDLE_IDENTIFIER = com.neuli.STITCH;
				PRODUCT_NAME = "$(TARGET_NAME)";
				SWIFT_EMIT_LOC_STRINGS = YES;
				SWIFT_VERSION = 5.0;
				TARGETED_DEVICE_FAMILY = "1,2";
			};
			name = Debug;
		};
		D8576143299BCFFA00F1AFEB /* Release */ = {
			isa = XCBuildConfiguration;
			buildSettings = {
				ASSETCATALOG_COMPILER_APPICON_NAME = AppIcon;
				ASSETCATALOG_COMPILER_GLOBAL_ACCENT_COLOR_NAME = AccentColor;
				CODE_SIGN_STYLE = Automatic;
				CURRENT_PROJECT_VERSION = 1;
				DEVELOPMENT_TEAM = SLD3XB8ML6;
				GENERATE_INFOPLIST_FILE = YES;
				INFOPLIST_FILE = STITCH/Info.plist;
				INFOPLIST_KEY_UIApplicationSupportsIndirectInputEvents = YES;
				INFOPLIST_KEY_UILaunchStoryboardName = LaunchScreen;
				INFOPLIST_KEY_UISupportedInterfaceOrientations_iPad = "UIInterfaceOrientationPortrait UIInterfaceOrientationPortraitUpsideDown UIInterfaceOrientationLandscapeLeft UIInterfaceOrientationLandscapeRight";
				INFOPLIST_KEY_UISupportedInterfaceOrientations_iPhone = "UIInterfaceOrientationPortrait UIInterfaceOrientationLandscapeLeft UIInterfaceOrientationLandscapeRight";
				LD_RUNPATH_SEARCH_PATHS = (
					"$(inherited)",
					"@executable_path/Frameworks",
				);
				MARKETING_VERSION = 1.0;
				PRODUCT_BUNDLE_IDENTIFIER = com.neuli.STITCH;
				PRODUCT_NAME = "$(TARGET_NAME)";
				SWIFT_EMIT_LOC_STRINGS = YES;
				SWIFT_VERSION = 5.0;
				TARGETED_DEVICE_FAMILY = "1,2";
			};
			name = Release;
		};
/* End XCBuildConfiguration section */

/* Begin XCConfigurationList section */
		D8576128299BCFF800F1AFEB /* Build configuration list for PBXProject "STITCH" */ = {
			isa = XCConfigurationList;
			buildConfigurations = (
				D857613F299BCFFA00F1AFEB /* Debug */,
				D8576140299BCFFA00F1AFEB /* Release */,
			);
			defaultConfigurationIsVisible = 0;
			defaultConfigurationName = Release;
		};
		D8576141299BCFFA00F1AFEB /* Build configuration list for PBXNativeTarget "STITCH" */ = {
			isa = XCConfigurationList;
			buildConfigurations = (
				D8576142299BCFFA00F1AFEB /* Debug */,
				D8576143299BCFFA00F1AFEB /* Release */,
			);
			defaultConfigurationIsVisible = 0;
			defaultConfigurationName = Release;
		};
/* End XCConfigurationList section */

/* Begin XCRemoteSwiftPackageReference section */
		D860B5D9299BDB3F00966683 /* XCRemoteSwiftPackageReference "SnapKit" */ = {
			isa = XCRemoteSwiftPackageReference;
			repositoryURL = "https://github.com/SnapKit/SnapKit.git";
			requirement = {
				branch = develop;
				kind = branch;
			};
		};
		D860B5DC299BDB7000966683 /* XCRemoteSwiftPackageReference "Then" */ = {
			isa = XCRemoteSwiftPackageReference;
			repositoryURL = "https://github.com/devxoul/Then.git";
			requirement = {
				branch = master;
				kind = branch;
			};
		};
/* End XCRemoteSwiftPackageReference section */

/* Begin XCSwiftPackageProductDependency section */
		D860B5DA299BDB4000966683 /* SnapKit */ = {
			isa = XCSwiftPackageProductDependency;
			package = D860B5D9299BDB3F00966683 /* XCRemoteSwiftPackageReference "SnapKit" */;
			productName = SnapKit;
		};
		D860B5DD299BDB7000966683 /* Then */ = {
			isa = XCSwiftPackageProductDependency;
			package = D860B5DC299BDB7000966683 /* XCRemoteSwiftPackageReference "Then" */;
			productName = Then;
		};
/* End XCSwiftPackageProductDependency section */
	};
	rootObject = D8576125299BCFF800F1AFEB /* Project object */;
}
